// !$*UTF8*$!
{
	archiveVersion = 1;
	classes = {
	};
	objectVersion = 50;
	objects = {

/* Begin PBXBuildFile section */
		4F541E892DFA99967B2E7B65 /* Pods_TrainMeUITests.framework in Frameworks */ = {isa = PBXBuildFile; fileRef = A05703BEEA1300794C374882 /* Pods_TrainMeUITests.framework */; };
		696D7F7C78288D0987CA153C /* Pods_TrainMeTests.framework in Frameworks */ = {isa = PBXBuildFile; fileRef = 6A39929C094749B12C461F47 /* Pods_TrainMeTests.framework */; };
		B200E22621D2CDBA00135088 /* ReviewProfileTainerTableViewCell.swift in Sources */ = {isa = PBXBuildFile; fileRef = B200E22521D2CDBA00135088 /* ReviewProfileTainerTableViewCell.swift */; };
		B201C67F2147CF0100A5E1E8 /* ShowTrainerMarkerViewController.swift in Sources */ = {isa = PBXBuildFile; fileRef = B201C67E2147CF0100A5E1E8 /* ShowTrainerMarkerViewController.swift */; };
		B202BD1C214D6F7300DE0790 /* SidebarTraineeViewController.swift in Sources */ = {isa = PBXBuildFile; fileRef = B202BD1B214D6F7300DE0790 /* SidebarTraineeViewController.swift */; };
		B202BD1E214D712300DE0790 /* FindTabTraineeViewController.swift in Sources */ = {isa = PBXBuildFile; fileRef = B202BD1D214D712300DE0790 /* FindTabTraineeViewController.swift */; };
		B202BD20214D713600DE0790 /* ProgressTabTraineeViewController.swift in Sources */ = {isa = PBXBuildFile; fileRef = B202BD1F214D713600DE0790 /* ProgressTabTraineeViewController.swift */; };
		B202BD22214D714900DE0790 /* NotificationTabTraineeViewController.swift in Sources */ = {isa = PBXBuildFile; fileRef = B202BD21214D714900DE0790 /* NotificationTabTraineeViewController.swift */; };
		B202BD27214E912E00DE0790 /* AddCitizencardViewController.swift in Sources */ = {isa = PBXBuildFile; fileRef = B202BD26214E912E00DE0790 /* AddCitizencardViewController.swift */; };
		B202BD2921501D3700DE0790 /* AddCertificateViewController.swift in Sources */ = {isa = PBXBuildFile; fileRef = B202BD2821501D3600DE0790 /* AddCertificateViewController.swift */; };
		B202BD2C21502AC400DE0790 /* CertificateTableViewCell.swift in Sources */ = {isa = PBXBuildFile; fileRef = B202BD2B21502AC400DE0790 /* CertificateTableViewCell.swift */; };
		B202BD2F2150B7C300DE0790 /* Certificate.swift in Sources */ = {isa = PBXBuildFile; fileRef = B202BD2E2150B7C300DE0790 /* Certificate.swift */; };
		B20E30C4212BFB18001B43B1 /* LoginViewController.swift in Sources */ = {isa = PBXBuildFile; fileRef = B20E30C3212BFB18001B43B1 /* LoginViewController.swift */; };
		B20E30C6212C1013001B43B1 /* ForgetPasswordViewController.swift in Sources */ = {isa = PBXBuildFile; fileRef = B20E30C5212C1013001B43B1 /* ForgetPasswordViewController.swift */; };
		B20E30C8212C1B42001B43B1 /* RegisterViewController.swift in Sources */ = {isa = PBXBuildFile; fileRef = B20E30C7212C1B42001B43B1 /* RegisterViewController.swift */; };
		B20ECAEF213FE4590084E685 /* AllCourseTrainerTableViewCell.swift in Sources */ = {isa = PBXBuildFile; fileRef = B20ECAEE213FE4590084E685 /* AllCourseTrainerTableViewCell.swift */; };
		B20ECAF12141505F0084E685 /* ViewCourseTrainerViewController.swift in Sources */ = {isa = PBXBuildFile; fileRef = B20ECAF02141505F0084E685 /* ViewCourseTrainerViewController.swift */; };
		B2115E1C21D561AC0074C02A /* EditProfileTraineeViewController.swift in Sources */ = {isa = PBXBuildFile; fileRef = B2115E1B21D561AB0074C02A /* EditProfileTraineeViewController.swift */; };
		B212FA0721D8FFCC008D6956 /* FullReviewProfileViewController.swift in Sources */ = {isa = PBXBuildFile; fileRef = B212FA0621D8FFCC008D6956 /* FullReviewProfileViewController.swift */; };
		B2168B9A21D91BF100211223 /* HelpViewController.swift in Sources */ = {isa = PBXBuildFile; fileRef = B2168B9921D91BF100211223 /* HelpViewController.swift */; };
		B2168B9C21D920B600211223 /* Help.swift in Sources */ = {isa = PBXBuildFile; fileRef = B2168B9B21D920B600211223 /* Help.swift */; };
		B21CCD4B2141CA610013EA56 /* EditCourseViewController.swift in Sources */ = {isa = PBXBuildFile; fileRef = B21CCD4A2141CA610013EA56 /* EditCourseViewController.swift */; };
		B224A061212BC92900DA7E47 /* GoogleService-Info.plist in Resources */ = {isa = PBXBuildFile; fileRef = B224A060212BC92800DA7E47 /* GoogleService-Info.plist */; };
		B224C71221A3D90B00DD33AB /* OngoingTraineeTableViewCell.swift in Sources */ = {isa = PBXBuildFile; fileRef = B224C71121A3D90B00DD33AB /* OngoingTraineeTableViewCell.swift */; };
		B224C71421A3E49500DD33AB /* OngoingDetail.swift in Sources */ = {isa = PBXBuildFile; fileRef = B224C71321A3E49500DD33AB /* OngoingDetail.swift */; };
		B224C71621A3EC7100DD33AB /* EachOngoingDetail.swift in Sources */ = {isa = PBXBuildFile; fileRef = B224C71521A3EC7100DD33AB /* EachOngoingDetail.swift */; };
		B224C71821A41F3300DD33AB /* OngoingTrainerTableViewCell.swift in Sources */ = {isa = PBXBuildFile; fileRef = B224C71721A41F3300DD33AB /* OngoingTrainerTableViewCell.swift */; };
		B2307ED22135142E000CB3AB /* UserProfile.swift in Sources */ = {isa = PBXBuildFile; fileRef = B2307ED12135142E000CB3AB /* UserProfile.swift */; };
		B2357E2621AFDFA7006EA2DC /* SelectCreditCardToChargeViewController.swift in Sources */ = {isa = PBXBuildFile; fileRef = B2357E2521AFDFA7006EA2DC /* SelectCreditCardToChargeViewController.swift */; };
		B236E7DA21C8FFC400FDFB0C /* RatingController.swift in Sources */ = {isa = PBXBuildFile; fileRef = B236E7D921C8FFC400FDFB0C /* RatingController.swift */; };
		B236E7DC21C92E7B00FDFB0C /* ConfirmationProgressTraineeTableViewController.swift in Sources */ = {isa = PBXBuildFile; fileRef = B236E7DB21C92E7B00FDFB0C /* ConfirmationProgressTraineeTableViewController.swift */; };
		B236E7E021CA03EA00FDFB0C /* ConfirmationProgressTrainerTableViewController.swift in Sources */ = {isa = PBXBuildFile; fileRef = B236E7DF21CA03EA00FDFB0C /* ConfirmationProgressTrainerTableViewController.swift */; };
		B236E7E221CA10DA00FDFB0C /* OngoingProgressTrainerTableViewController.swift in Sources */ = {isa = PBXBuildFile; fileRef = B236E7E121CA10DA00FDFB0C /* OngoingProgressTrainerTableViewController.swift */; };
		B236E7E421CA1D9B00FDFB0C /* EachOngoingTrainerTableViewCell.swift in Sources */ = {isa = PBXBuildFile; fileRef = B236E7E321CA1D9B00FDFB0C /* EachOngoingTrainerTableViewCell.swift */; };
		B236E7E621CA1ED300FDFB0C /* EachOngoingTrainerViewController.swift in Sources */ = {isa = PBXBuildFile; fileRef = B236E7E521CA1ED300FDFB0C /* EachOngoingTrainerViewController.swift */; };
		B23D2E0C2148FD5100CFCAC0 /* TrainerSelectedTableViewCell.swift in Sources */ = {isa = PBXBuildFile; fileRef = B23D2E0B2148FD5100CFCAC0 /* TrainerSelectedTableViewCell.swift */; };
		B23D2E0E214C2BA500CFCAC0 /* ShowCourseTrainerSpecifiedViewController.swift in Sources */ = {isa = PBXBuildFile; fileRef = B23D2E0D214C2BA500CFCAC0 /* ShowCourseTrainerSpecifiedViewController.swift */; };
		B23D2E10214C334300CFCAC0 /* SelectedTrainerCourseTableViewCell.swift in Sources */ = {isa = PBXBuildFile; fileRef = B23D2E0F214C334300CFCAC0 /* SelectedTrainerCourseTableViewCell.swift */; };
		B23E796C2132CA650082FD1E /* ProgressTabTrainerViewController.swift in Sources */ = {isa = PBXBuildFile; fileRef = B23E796B2132CA650082FD1E /* ProgressTabTrainerViewController.swift */; };
		B23E796E2132CA7A0082FD1E /* CourseTabTrainerViewController.swift in Sources */ = {isa = PBXBuildFile; fileRef = B23E796D2132CA7A0082FD1E /* CourseTabTrainerViewController.swift */; };
		B23E79702132CA8F0082FD1E /* NotificationTabTrainerViewController.swift in Sources */ = {isa = PBXBuildFile; fileRef = B23E796F2132CA8F0082FD1E /* NotificationTabTrainerViewController.swift */; };
		B23E7DB7213ECA5B005E7F7F /* Course.swift in Sources */ = {isa = PBXBuildFile; fileRef = B23E7DB6213ECA5B005E7F7F /* Course.swift */; };
		B23E7DB9213FB5E7005E7F7F /* CustomSegmentedControl.swift in Sources */ = {isa = PBXBuildFile; fileRef = B23E7DB8213FB5E7005E7F7F /* CustomSegmentedControl.swift */; };
		B23E918B219AD387000AECF8 /* PaymentTraineeTableViewCell.swift in Sources */ = {isa = PBXBuildFile; fileRef = B23E918A219AD387000AECF8 /* PaymentTraineeTableViewCell.swift */; };
		B24144B221371ACF00F8315B /* Localizable.strings in Resources */ = {isa = PBXBuildFile; fileRef = B24144B421371ACF00F8315B /* Localizable.strings */; };
		B24144B72137F94D00F8315B /* extension.swift in Sources */ = {isa = PBXBuildFile; fileRef = B24144B62137F94D00F8315B /* extension.swift */; };
		B24664E221AC46B10065655F /* AddCreditCardViewController.swift in Sources */ = {isa = PBXBuildFile; fileRef = B24664E121AC46B10065655F /* AddCreditCardViewController.swift */; };
		B24664E421AEB0EF0065655F /* ViewCreditCardViewController.swift in Sources */ = {isa = PBXBuildFile; fileRef = B24664E321AEB0EF0065655F /* ViewCreditCardViewController.swift */; };
		B24664E621AEB3C60065655F /* ViewCreditCardTableViewCell.swift in Sources */ = {isa = PBXBuildFile; fileRef = B24664E521AEB3C60065655F /* ViewCreditCardTableViewCell.swift */; };
		B24664E821AEFF700065655F /* CreditCard.swift in Sources */ = {isa = PBXBuildFile; fileRef = B24664E721AEFF6F0065655F /* CreditCard.swift */; };
		B24B8A8E212D16F400C59074 /* Register2ViewController.swift in Sources */ = {isa = PBXBuildFile; fileRef = B24B8A8D212D16F400C59074 /* Register2ViewController.swift */; };
		B25A8115212BD61600073C68 /* NotoSans-Medium.ttf in Resources */ = {isa = PBXBuildFile; fileRef = B25A8111212BD59300073C68 /* NotoSans-Medium.ttf */; };
		B25A8116212BD61600073C68 /* NotoSans-Medium.ttf in Resources */ = {isa = PBXBuildFile; fileRef = B25A8111212BD59300073C68 /* NotoSans-Medium.ttf */; };
		B25A8117212BD61600073C68 /* NotoSans-Medium.ttf in Resources */ = {isa = PBXBuildFile; fileRef = B25A8111212BD59300073C68 /* NotoSans-Medium.ttf */; };
		B25A8118212BD61600073C68 /* NotoSans-Bold.ttf in Resources */ = {isa = PBXBuildFile; fileRef = B25A8112212BD5B400073C68 /* NotoSans-Bold.ttf */; };
		B25A8119212BD61600073C68 /* NotoSans-Bold.ttf in Resources */ = {isa = PBXBuildFile; fileRef = B25A8112212BD5B400073C68 /* NotoSans-Bold.ttf */; };
		B25A811A212BD61600073C68 /* NotoSans-Bold.ttf in Resources */ = {isa = PBXBuildFile; fileRef = B25A8112212BD5B400073C68 /* NotoSans-Bold.ttf */; };
		B25A811B212BD61600073C68 /* NotoSans-Black.ttf in Resources */ = {isa = PBXBuildFile; fileRef = B25A8113212BD5D500073C68 /* NotoSans-Black.ttf */; };
		B25A811C212BD61600073C68 /* NotoSans-Black.ttf in Resources */ = {isa = PBXBuildFile; fileRef = B25A8113212BD5D500073C68 /* NotoSans-Black.ttf */; };
		B25A811D212BD61600073C68 /* NotoSans-Black.ttf in Resources */ = {isa = PBXBuildFile; fileRef = B25A8113212BD5D500073C68 /* NotoSans-Black.ttf */; };
		B25A811E212BD61600073C68 /* NotoSans-Light.ttf in Resources */ = {isa = PBXBuildFile; fileRef = B25A8114212BD5F500073C68 /* NotoSans-Light.ttf */; };
		B25A811F212BD61600073C68 /* NotoSans-Light.ttf in Resources */ = {isa = PBXBuildFile; fileRef = B25A8114212BD5F500073C68 /* NotoSans-Light.ttf */; };
		B25A8120212BD61600073C68 /* NotoSans-Light.ttf in Resources */ = {isa = PBXBuildFile; fileRef = B25A8114212BD5F500073C68 /* NotoSans-Light.ttf */; };
		B25BD02C21CBBE5000FC3FDF /* ProfileTraineeViewController.swift in Sources */ = {isa = PBXBuildFile; fileRef = B25BD02B21CBBE5000FC3FDF /* ProfileTraineeViewController.swift */; };
		B263566E218830C100277F67 /* ConfirmationTableViewCell.swift in Sources */ = {isa = PBXBuildFile; fileRef = B263566D218830C100277F67 /* ConfirmationTableViewCell.swift */; };
		B26783DA21C8BF53001EE44E /* ReviewTrainerByTraineeViewController.swift in Sources */ = {isa = PBXBuildFile; fileRef = B26783D921C8BF53001EE44E /* ReviewTrainerByTraineeViewController.swift */; };
		B26B4BE921632E47003CB72C /* TimeButtonCollectionViewCell.swift in Sources */ = {isa = PBXBuildFile; fileRef = B26B4BE821632E47003CB72C /* TimeButtonCollectionViewCell.swift */; };
		B26ED3492132C45F003F0637 /* BookTabTrainerViewController.swift in Sources */ = {isa = PBXBuildFile; fileRef = B26ED3482132C45F003F0637 /* BookTabTrainerViewController.swift */; };
		B272239C2176961F00288ADE /* OmiseSDK.framework.dSYM in Resources */ = {isa = PBXBuildFile; fileRef = B272239A2176961F00288ADE /* OmiseSDK.framework.dSYM */; };
		B272239E2176963500288ADE /* OmiseSDK.framework in Frameworks */ = {isa = PBXBuildFile; fileRef = B272239B2176961F00288ADE /* OmiseSDK.framework */; };
		B272239F2176963500288ADE /* OmiseSDK.framework in Embed Frameworks */ = {isa = PBXBuildFile; fileRef = B272239B2176961F00288ADE /* OmiseSDK.framework */; settings = {ATTRIBUTES = (CodeSignOnCopy, RemoveHeadersOnCopy, ); }; };
		B279BFAE21E11EBC007BA390 /* NotificationTrainerTableViewCell.swift in Sources */ = {isa = PBXBuildFile; fileRef = B279BFAD21E11EBC007BA390 /* NotificationTrainerTableViewCell.swift */; };
		B279BFB021E12170007BA390 /* Notification.swift in Sources */ = {isa = PBXBuildFile; fileRef = B279BFAF21E12170007BA390 /* Notification.swift */; };
		B27F7E51219AE13400AA9520 /* PaymentTrainerTableViewCell.swift in Sources */ = {isa = PBXBuildFile; fileRef = B27F7E50219AE13400AA9520 /* PaymentTrainerTableViewCell.swift */; };
		B280D84D21387FDD00A59DB0 /* AddCourseTrainerViewController.swift in Sources */ = {isa = PBXBuildFile; fileRef = B280D84C21387FDD00A59DB0 /* AddCourseTrainerViewController.swift */; };
		B285F3EC21ED1162003055D4 /* HelpTableViewCell.swift in Sources */ = {isa = PBXBuildFile; fileRef = B285F3EB21ED1162003055D4 /* HelpTableViewCell.swift */; };
		B28986AB21B6F2B500244FB5 /* OngoingProgressTraineeTableViewController.swift in Sources */ = {isa = PBXBuildFile; fileRef = B28986AA21B6F2B500244FB5 /* OngoingProgressTraineeTableViewController.swift */; };
		B2901ECC21D3F958005ED68D /* Review.swift in Sources */ = {isa = PBXBuildFile; fileRef = B2901ECB21D3F958005ED68D /* Review.swift */; };
		B2901ECE21D3FB4B005ED68D /* EachReview.swift in Sources */ = {isa = PBXBuildFile; fileRef = B2901ECD21D3FB4B005ED68D /* EachReview.swift */; };
		B2936DE321467CA700C0DB89 /* BookPlaceDetail.swift in Sources */ = {isa = PBXBuildFile; fileRef = B2936DE221467CA700C0DB89 /* BookPlaceDetail.swift */; };
		B293FACD21CFE59100ED792D /* ReviewProfileTraineeTableViewCell.swift in Sources */ = {isa = PBXBuildFile; fileRef = B293FACC21CFE59100ED792D /* ReviewProfileTraineeTableViewCell.swift */; };
		B2AB110921455EB900E84321 /* CourseDetailTableViewCell.swift in Sources */ = {isa = PBXBuildFile; fileRef = B2AB110821455EB900E84321 /* CourseDetailTableViewCell.swift */; };
		B2AB110F214655D900E84321 /* AddSchedulePlaceViewController.swift in Sources */ = {isa = PBXBuildFile; fileRef = B2AB110E214655D900E84321 /* AddSchedulePlaceViewController.swift */; };
		B2AD810021D68E2B0077B802 /* ChangePasswordViewController.swift in Sources */ = {isa = PBXBuildFile; fileRef = B2AD80FF21D68E2B0077B802 /* ChangePasswordViewController.swift */; };
		B2AE2C872133B46300B0B9B1 /* SidebarTrainerViewController.swift in Sources */ = {isa = PBXBuildFile; fileRef = B2AE2C862133B46300B0B9B1 /* SidebarTrainerViewController.swift */; };
		B2B62D2321A5FDAF0002B0E6 /* SuccessfulTraineeTableViewCell.swift in Sources */ = {isa = PBXBuildFile; fileRef = B2B62D2221A5FDAF0002B0E6 /* SuccessfulTraineeTableViewCell.swift */; };
		B2B62D2521A60F200002B0E6 /* SuccessfulTrainerTableViewCell.swift in Sources */ = {isa = PBXBuildFile; fileRef = B2B62D2421A60F200002B0E6 /* SuccessfulTrainerTableViewCell.swift */; };
		B2B6CE56217F1A6D00869488 /* PendingBookPlaceDetail.swift in Sources */ = {isa = PBXBuildFile; fileRef = B2B6CE55217F1A6D00869488 /* PendingBookPlaceDetail.swift */; };
		B2B6CE58217FB8F100869488 /* ProgressTableViewCell.swift in Sources */ = {isa = PBXBuildFile; fileRef = B2B6CE57217FB8F100869488 /* ProgressTableViewCell.swift */; };
		B2B8BC54212BC5D5009A3712 /* AppDelegate.swift in Sources */ = {isa = PBXBuildFile; fileRef = B2B8BC53212BC5D5009A3712 /* AppDelegate.swift */; };
		B2B8BC56212BC5D5009A3712 /* ViewController.swift in Sources */ = {isa = PBXBuildFile; fileRef = B2B8BC55212BC5D5009A3712 /* ViewController.swift */; };
		B2B8BC59212BC5D5009A3712 /* Main.storyboard in Resources */ = {isa = PBXBuildFile; fileRef = B2B8BC57212BC5D5009A3712 /* Main.storyboard */; };
		B2B8BC5B212BC5D7009A3712 /* Assets.xcassets in Resources */ = {isa = PBXBuildFile; fileRef = B2B8BC5A212BC5D7009A3712 /* Assets.xcassets */; };
		B2B8BC5E212BC5D7009A3712 /* LaunchScreen.storyboard in Resources */ = {isa = PBXBuildFile; fileRef = B2B8BC5C212BC5D7009A3712 /* LaunchScreen.storyboard */; };
		B2B8BC69212BC5D7009A3712 /* TrainMeTests.swift in Sources */ = {isa = PBXBuildFile; fileRef = B2B8BC68212BC5D7009A3712 /* TrainMeTests.swift */; };
		B2B8BC74212BC5D7009A3712 /* TrainMeUITests.swift in Sources */ = {isa = PBXBuildFile; fileRef = B2B8BC73212BC5D7009A3712 /* TrainMeUITests.swift */; };
		B2B929D1216B14F600D61E0A /* ProfileTrainerViewController.swift in Sources */ = {isa = PBXBuildFile; fileRef = B2B929D0216B14F600D61E0A /* ProfileTrainerViewController.swift */; };
		B2B9E3572152477D0048E501 /* ViewCourseTrainerByTraineeViewController.swift in Sources */ = {isa = PBXBuildFile; fileRef = B2B9E3562152477D0048E501 /* ViewCourseTrainerByTraineeViewController.swift */; };
		B2B9E359215261CA0048E501 /* NewProgressViewController.swift in Sources */ = {isa = PBXBuildFile; fileRef = B2B9E358215261CA0048E501 /* NewProgressViewController.swift */; };
		B2CE11A621BB27170042E4A6 /* EachOngoingTraineeTableViewCell.swift in Sources */ = {isa = PBXBuildFile; fileRef = B2CE11A521BB27170042E4A6 /* EachOngoingTraineeTableViewCell.swift */; };
		B2CE11A821BC26730042E4A6 /* EachOngoingTraineeViewController.swift in Sources */ = {isa = PBXBuildFile; fileRef = B2CE11A721BC26730042E4A6 /* EachOngoingTraineeViewController.swift */; };
		B2CFF0F8212D4BF9003BF174 /* Register3ViewController.swift in Sources */ = {isa = PBXBuildFile; fileRef = B2CFF0F7212D4BF9003BF174 /* Register3ViewController.swift */; };
		B2EB023E21D90B4E00CE586D /* FullReviewTableViewCell.swift in Sources */ = {isa = PBXBuildFile; fileRef = B2EB023D21D90B4E00CE586D /* FullReviewTableViewCell.swift */; };
		B2EEE32C21B1AF0200E2AEB0 /* EditCreditCardViewController.swift in Sources */ = {isa = PBXBuildFile; fileRef = B2EEE32B21B1AF0200E2AEB0 /* EditCreditCardViewController.swift */; };
		B2FB780521EE214200FC34A5 /* ViewHelpViewController.swift in Sources */ = {isa = PBXBuildFile; fileRef = B2FB780421EE214200FC34A5 /* ViewHelpViewController.swift */; };
		F21472997981C08C5FF8E719 /* Pods_TrainMe.framework in Frameworks */ = {isa = PBXBuildFile; fileRef = 1EEE1C3745D35D886310CC9E /* Pods_TrainMe.framework */; };
/* End PBXBuildFile section */

/* Begin PBXContainerItemProxy section */
		B2B8BC65212BC5D7009A3712 /* PBXContainerItemProxy */ = {
			isa = PBXContainerItemProxy;
			containerPortal = B2B8BC48212BC5D5009A3712 /* Project object */;
			proxyType = 1;
			remoteGlobalIDString = B2B8BC4F212BC5D5009A3712;
			remoteInfo = TrainMe;
		};
		B2B8BC70212BC5D7009A3712 /* PBXContainerItemProxy */ = {
			isa = PBXContainerItemProxy;
			containerPortal = B2B8BC48212BC5D5009A3712 /* Project object */;
			proxyType = 1;
			remoteGlobalIDString = B2B8BC4F212BC5D5009A3712;
			remoteInfo = TrainMe;
		};
/* End PBXContainerItemProxy section */

/* Begin PBXCopyFilesBuildPhase section */
		B27223A02176963500288ADE /* Embed Frameworks */ = {
			isa = PBXCopyFilesBuildPhase;
			buildActionMask = 2147483647;
			dstPath = "";
			dstSubfolderSpec = 10;
			files = (
				B272239F2176963500288ADE /* OmiseSDK.framework in Embed Frameworks */,
			);
			name = "Embed Frameworks";
			runOnlyForDeploymentPostprocessing = 0;
		};
/* End PBXCopyFilesBuildPhase section */

/* Begin PBXFileReference section */
		00381F36DE4033DBCA41F5A4 /* Pods-TrainMeUITests.release.xcconfig */ = {isa = PBXFileReference; includeInIndex = 1; lastKnownFileType = text.xcconfig; name = "Pods-TrainMeUITests.release.xcconfig"; path = "Pods/Target Support Files/Pods-TrainMeUITests/Pods-TrainMeUITests.release.xcconfig"; sourceTree = "<group>"; };
		0CEFF5905B41EBC9936B38F8 /* Pods-TrainMeUITests.debug.xcconfig */ = {isa = PBXFileReference; includeInIndex = 1; lastKnownFileType = text.xcconfig; name = "Pods-TrainMeUITests.debug.xcconfig"; path = "Pods/Target Support Files/Pods-TrainMeUITests/Pods-TrainMeUITests.debug.xcconfig"; sourceTree = "<group>"; };
		16F7CCA7514E4610677B8507 /* Pods-TrainMe.release.xcconfig */ = {isa = PBXFileReference; includeInIndex = 1; lastKnownFileType = text.xcconfig; name = "Pods-TrainMe.release.xcconfig"; path = "Pods/Target Support Files/Pods-TrainMe/Pods-TrainMe.release.xcconfig"; sourceTree = "<group>"; };
		1EEE1C3745D35D886310CC9E /* Pods_TrainMe.framework */ = {isa = PBXFileReference; explicitFileType = wrapper.framework; includeInIndex = 0; path = Pods_TrainMe.framework; sourceTree = BUILT_PRODUCTS_DIR; };
		4BB82349EC517FBFA947B24F /* Pods-TrainMeTests.debug.xcconfig */ = {isa = PBXFileReference; includeInIndex = 1; lastKnownFileType = text.xcconfig; name = "Pods-TrainMeTests.debug.xcconfig"; path = "Pods/Target Support Files/Pods-TrainMeTests/Pods-TrainMeTests.debug.xcconfig"; sourceTree = "<group>"; };
		55C4A3547D6419CECA40BE2B /* Pods-TrainMeTests.release.xcconfig */ = {isa = PBXFileReference; includeInIndex = 1; lastKnownFileType = text.xcconfig; name = "Pods-TrainMeTests.release.xcconfig"; path = "Pods/Target Support Files/Pods-TrainMeTests/Pods-TrainMeTests.release.xcconfig"; sourceTree = "<group>"; };
		6A39929C094749B12C461F47 /* Pods_TrainMeTests.framework */ = {isa = PBXFileReference; explicitFileType = wrapper.framework; includeInIndex = 0; path = Pods_TrainMeTests.framework; sourceTree = BUILT_PRODUCTS_DIR; };
		A05703BEEA1300794C374882 /* Pods_TrainMeUITests.framework */ = {isa = PBXFileReference; explicitFileType = wrapper.framework; includeInIndex = 0; path = Pods_TrainMeUITests.framework; sourceTree = BUILT_PRODUCTS_DIR; };
		B200E22521D2CDBA00135088 /* ReviewProfileTainerTableViewCell.swift */ = {isa = PBXFileReference; lastKnownFileType = sourcecode.swift; path = ReviewProfileTainerTableViewCell.swift; sourceTree = "<group>"; };
		B201C67E2147CF0100A5E1E8 /* ShowTrainerMarkerViewController.swift */ = {isa = PBXFileReference; lastKnownFileType = sourcecode.swift; path = ShowTrainerMarkerViewController.swift; sourceTree = "<group>"; };
		B202BD1B214D6F7300DE0790 /* SidebarTraineeViewController.swift */ = {isa = PBXFileReference; lastKnownFileType = sourcecode.swift; path = SidebarTraineeViewController.swift; sourceTree = "<group>"; };
		B202BD1D214D712300DE0790 /* FindTabTraineeViewController.swift */ = {isa = PBXFileReference; lastKnownFileType = sourcecode.swift; path = FindTabTraineeViewController.swift; sourceTree = "<group>"; };
		B202BD1F214D713600DE0790 /* ProgressTabTraineeViewController.swift */ = {isa = PBXFileReference; lastKnownFileType = sourcecode.swift; path = ProgressTabTraineeViewController.swift; sourceTree = "<group>"; };
		B202BD21214D714900DE0790 /* NotificationTabTraineeViewController.swift */ = {isa = PBXFileReference; lastKnownFileType = sourcecode.swift; path = NotificationTabTraineeViewController.swift; sourceTree = "<group>"; };
		B202BD26214E912E00DE0790 /* AddCitizencardViewController.swift */ = {isa = PBXFileReference; lastKnownFileType = sourcecode.swift; path = AddCitizencardViewController.swift; sourceTree = "<group>"; };
		B202BD2821501D3600DE0790 /* AddCertificateViewController.swift */ = {isa = PBXFileReference; lastKnownFileType = sourcecode.swift; path = AddCertificateViewController.swift; sourceTree = "<group>"; };
		B202BD2B21502AC400DE0790 /* CertificateTableViewCell.swift */ = {isa = PBXFileReference; lastKnownFileType = sourcecode.swift; path = CertificateTableViewCell.swift; sourceTree = "<group>"; };
		B202BD2E2150B7C300DE0790 /* Certificate.swift */ = {isa = PBXFileReference; lastKnownFileType = sourcecode.swift; path = Certificate.swift; sourceTree = "<group>"; };
		B20E30C3212BFB18001B43B1 /* LoginViewController.swift */ = {isa = PBXFileReference; lastKnownFileType = sourcecode.swift; path = LoginViewController.swift; sourceTree = "<group>"; };
		B20E30C5212C1013001B43B1 /* ForgetPasswordViewController.swift */ = {isa = PBXFileReference; lastKnownFileType = sourcecode.swift; path = ForgetPasswordViewController.swift; sourceTree = "<group>"; };
		B20E30C7212C1B42001B43B1 /* RegisterViewController.swift */ = {isa = PBXFileReference; lastKnownFileType = sourcecode.swift; path = RegisterViewController.swift; sourceTree = "<group>"; };
		B20ECAEE213FE4590084E685 /* AllCourseTrainerTableViewCell.swift */ = {isa = PBXFileReference; lastKnownFileType = sourcecode.swift; path = AllCourseTrainerTableViewCell.swift; sourceTree = "<group>"; };
		B20ECAF02141505F0084E685 /* ViewCourseTrainerViewController.swift */ = {isa = PBXFileReference; lastKnownFileType = sourcecode.swift; path = ViewCourseTrainerViewController.swift; sourceTree = "<group>"; };
		B2115E1B21D561AB0074C02A /* EditProfileTraineeViewController.swift */ = {isa = PBXFileReference; lastKnownFileType = sourcecode.swift; path = EditProfileTraineeViewController.swift; sourceTree = "<group>"; };
		B212FA0621D8FFCC008D6956 /* FullReviewProfileViewController.swift */ = {isa = PBXFileReference; lastKnownFileType = sourcecode.swift; path = FullReviewProfileViewController.swift; sourceTree = "<group>"; };
		B2168B9921D91BF100211223 /* HelpViewController.swift */ = {isa = PBXFileReference; lastKnownFileType = sourcecode.swift; path = HelpViewController.swift; sourceTree = "<group>"; };
		B2168B9B21D920B600211223 /* Help.swift */ = {isa = PBXFileReference; lastKnownFileType = sourcecode.swift; path = Help.swift; sourceTree = "<group>"; };
		B21CCD4A2141CA610013EA56 /* EditCourseViewController.swift */ = {isa = PBXFileReference; lastKnownFileType = sourcecode.swift; path = EditCourseViewController.swift; sourceTree = "<group>"; };
		B224A060212BC92800DA7E47 /* GoogleService-Info.plist */ = {isa = PBXFileReference; fileEncoding = 4; lastKnownFileType = text.plist.xml; path = "GoogleService-Info.plist"; sourceTree = "<group>"; };
		B224C71121A3D90B00DD33AB /* OngoingTraineeTableViewCell.swift */ = {isa = PBXFileReference; lastKnownFileType = sourcecode.swift; path = OngoingTraineeTableViewCell.swift; sourceTree = "<group>"; };
		B224C71321A3E49500DD33AB /* OngoingDetail.swift */ = {isa = PBXFileReference; lastKnownFileType = sourcecode.swift; path = OngoingDetail.swift; sourceTree = "<group>"; };
		B224C71521A3EC7100DD33AB /* EachOngoingDetail.swift */ = {isa = PBXFileReference; lastKnownFileType = sourcecode.swift; path = EachOngoingDetail.swift; sourceTree = "<group>"; };
		B224C71721A41F3300DD33AB /* OngoingTrainerTableViewCell.swift */ = {isa = PBXFileReference; lastKnownFileType = sourcecode.swift; path = OngoingTrainerTableViewCell.swift; sourceTree = "<group>"; };
		B2307ED12135142E000CB3AB /* UserProfile.swift */ = {isa = PBXFileReference; lastKnownFileType = sourcecode.swift; path = UserProfile.swift; sourceTree = "<group>"; };
		B2309F07213D986D0030EA1C /* JVFloatLabeledTextField.framework */ = {isa = PBXFileReference; explicitFileType = wrapper.framework; path = JVFloatLabeledTextField.framework; sourceTree = BUILT_PRODUCTS_DIR; };
		B2357E2521AFDFA7006EA2DC /* SelectCreditCardToChargeViewController.swift */ = {isa = PBXFileReference; lastKnownFileType = sourcecode.swift; path = SelectCreditCardToChargeViewController.swift; sourceTree = "<group>"; };
		B236E7D921C8FFC400FDFB0C /* RatingController.swift */ = {isa = PBXFileReference; lastKnownFileType = sourcecode.swift; path = RatingController.swift; sourceTree = "<group>"; };
		B236E7DB21C92E7B00FDFB0C /* ConfirmationProgressTraineeTableViewController.swift */ = {isa = PBXFileReference; lastKnownFileType = sourcecode.swift; path = ConfirmationProgressTraineeTableViewController.swift; sourceTree = "<group>"; };
		B236E7DF21CA03EA00FDFB0C /* ConfirmationProgressTrainerTableViewController.swift */ = {isa = PBXFileReference; lastKnownFileType = sourcecode.swift; path = ConfirmationProgressTrainerTableViewController.swift; sourceTree = "<group>"; };
		B236E7E121CA10DA00FDFB0C /* OngoingProgressTrainerTableViewController.swift */ = {isa = PBXFileReference; lastKnownFileType = sourcecode.swift; path = OngoingProgressTrainerTableViewController.swift; sourceTree = "<group>"; };
		B236E7E321CA1D9B00FDFB0C /* EachOngoingTrainerTableViewCell.swift */ = {isa = PBXFileReference; lastKnownFileType = sourcecode.swift; path = EachOngoingTrainerTableViewCell.swift; sourceTree = "<group>"; };
		B236E7E521CA1ED300FDFB0C /* EachOngoingTrainerViewController.swift */ = {isa = PBXFileReference; lastKnownFileType = sourcecode.swift; path = EachOngoingTrainerViewController.swift; sourceTree = "<group>"; };
		B23D2E0B2148FD5100CFCAC0 /* TrainerSelectedTableViewCell.swift */ = {isa = PBXFileReference; lastKnownFileType = sourcecode.swift; path = TrainerSelectedTableViewCell.swift; sourceTree = "<group>"; };
		B23D2E0D214C2BA500CFCAC0 /* ShowCourseTrainerSpecifiedViewController.swift */ = {isa = PBXFileReference; lastKnownFileType = sourcecode.swift; path = ShowCourseTrainerSpecifiedViewController.swift; sourceTree = "<group>"; };
		B23D2E0F214C334300CFCAC0 /* SelectedTrainerCourseTableViewCell.swift */ = {isa = PBXFileReference; lastKnownFileType = sourcecode.swift; path = SelectedTrainerCourseTableViewCell.swift; sourceTree = "<group>"; };
		B23E796B2132CA650082FD1E /* ProgressTabTrainerViewController.swift */ = {isa = PBXFileReference; lastKnownFileType = sourcecode.swift; path = ProgressTabTrainerViewController.swift; sourceTree = "<group>"; };
		B23E796D2132CA7A0082FD1E /* CourseTabTrainerViewController.swift */ = {isa = PBXFileReference; lastKnownFileType = sourcecode.swift; path = CourseTabTrainerViewController.swift; sourceTree = "<group>"; };
		B23E796F2132CA8F0082FD1E /* NotificationTabTrainerViewController.swift */ = {isa = PBXFileReference; lastKnownFileType = sourcecode.swift; path = NotificationTabTrainerViewController.swift; sourceTree = "<group>"; };
		B23E7DB6213ECA5B005E7F7F /* Course.swift */ = {isa = PBXFileReference; lastKnownFileType = sourcecode.swift; path = Course.swift; sourceTree = "<group>"; };
		B23E7DB8213FB5E7005E7F7F /* CustomSegmentedControl.swift */ = {isa = PBXFileReference; lastKnownFileType = sourcecode.swift; path = CustomSegmentedControl.swift; sourceTree = "<group>"; };
		B23E918A219AD387000AECF8 /* PaymentTraineeTableViewCell.swift */ = {isa = PBXFileReference; lastKnownFileType = sourcecode.swift; path = PaymentTraineeTableViewCell.swift; sourceTree = "<group>"; };
		B24144AC2137180A00F8315B /* th */ = {isa = PBXFileReference; lastKnownFileType = text.plist.strings; name = th; path = th.lproj/Main.strings; sourceTree = "<group>"; };
		B24144AD2137180B00F8315B /* th */ = {isa = PBXFileReference; lastKnownFileType = text.plist.strings; name = th; path = th.lproj/LaunchScreen.strings; sourceTree = "<group>"; };
		B24144AF2137182E00F8315B /* en */ = {isa = PBXFileReference; lastKnownFileType = text.plist.strings; name = en; path = en.lproj/Main.strings; sourceTree = "<group>"; };
		B24144B321371ACF00F8315B /* en */ = {isa = PBXFileReference; lastKnownFileType = text.plist.strings; name = en; path = en.lproj/Localizable.strings; sourceTree = "<group>"; };
		B24144B521371AD100F8315B /* th */ = {isa = PBXFileReference; lastKnownFileType = text.plist.strings; name = th; path = th.lproj/Localizable.strings; sourceTree = "<group>"; };
		B24144B62137F94D00F8315B /* extension.swift */ = {isa = PBXFileReference; lastKnownFileType = sourcecode.swift; path = extension.swift; sourceTree = "<group>"; };
		B24664E121AC46B10065655F /* AddCreditCardViewController.swift */ = {isa = PBXFileReference; lastKnownFileType = sourcecode.swift; path = AddCreditCardViewController.swift; sourceTree = "<group>"; };
		B24664E321AEB0EF0065655F /* ViewCreditCardViewController.swift */ = {isa = PBXFileReference; lastKnownFileType = sourcecode.swift; path = ViewCreditCardViewController.swift; sourceTree = "<group>"; };
		B24664E521AEB3C60065655F /* ViewCreditCardTableViewCell.swift */ = {isa = PBXFileReference; lastKnownFileType = sourcecode.swift; path = ViewCreditCardTableViewCell.swift; sourceTree = "<group>"; };
		B24664E721AEFF6F0065655F /* CreditCard.swift */ = {isa = PBXFileReference; lastKnownFileType = sourcecode.swift; path = CreditCard.swift; sourceTree = "<group>"; };
		B24B8A8D212D16F400C59074 /* Register2ViewController.swift */ = {isa = PBXFileReference; lastKnownFileType = sourcecode.swift; path = Register2ViewController.swift; sourceTree = "<group>"; };
		B25A8111212BD59300073C68 /* NotoSans-Medium.ttf */ = {isa = PBXFileReference; lastKnownFileType = file; path = "NotoSans-Medium.ttf"; sourceTree = "<group>"; };
		B25A8112212BD5B400073C68 /* NotoSans-Bold.ttf */ = {isa = PBXFileReference; lastKnownFileType = file; path = "NotoSans-Bold.ttf"; sourceTree = "<group>"; };
		B25A8113212BD5D500073C68 /* NotoSans-Black.ttf */ = {isa = PBXFileReference; lastKnownFileType = file; path = "NotoSans-Black.ttf"; sourceTree = "<group>"; };
		B25A8114212BD5F500073C68 /* NotoSans-Light.ttf */ = {isa = PBXFileReference; lastKnownFileType = file; path = "NotoSans-Light.ttf"; sourceTree = "<group>"; };
		B25BD02B21CBBE5000FC3FDF /* ProfileTraineeViewController.swift */ = {isa = PBXFileReference; lastKnownFileType = sourcecode.swift; path = ProfileTraineeViewController.swift; sourceTree = "<group>"; };
		B263566D218830C100277F67 /* ConfirmationTableViewCell.swift */ = {isa = PBXFileReference; lastKnownFileType = sourcecode.swift; path = ConfirmationTableViewCell.swift; sourceTree = "<group>"; };
		B263566F2188884200277F67 /* TrainMe.entitlements */ = {isa = PBXFileReference; lastKnownFileType = text.plist.entitlements; path = TrainMe.entitlements; sourceTree = "<group>"; };
		B26783D921C8BF53001EE44E /* ReviewTrainerByTraineeViewController.swift */ = {isa = PBXFileReference; lastKnownFileType = sourcecode.swift; path = ReviewTrainerByTraineeViewController.swift; sourceTree = "<group>"; };
		B26B4BE821632E47003CB72C /* TimeButtonCollectionViewCell.swift */ = {isa = PBXFileReference; lastKnownFileType = sourcecode.swift; path = TimeButtonCollectionViewCell.swift; sourceTree = "<group>"; };
		B26ED3482132C45F003F0637 /* BookTabTrainerViewController.swift */ = {isa = PBXFileReference; lastKnownFileType = sourcecode.swift; path = BookTabTrainerViewController.swift; sourceTree = "<group>"; };
		B272239A2176961F00288ADE /* OmiseSDK.framework.dSYM */ = {isa = PBXFileReference; lastKnownFileType = wrapper.dsym; name = OmiseSDK.framework.dSYM; path = Carthage/Build/iOS/OmiseSDK.framework.dSYM; sourceTree = SOURCE_ROOT; };
		B272239B2176961F00288ADE /* OmiseSDK.framework */ = {isa = PBXFileReference; lastKnownFileType = wrapper.framework; name = OmiseSDK.framework; path = Carthage/Build/iOS/OmiseSDK.framework; sourceTree = SOURCE_ROOT; };
		B279BFAD21E11EBC007BA390 /* NotificationTrainerTableViewCell.swift */ = {isa = PBXFileReference; lastKnownFileType = sourcecode.swift; path = NotificationTrainerTableViewCell.swift; sourceTree = "<group>"; };
		B279BFAF21E12170007BA390 /* Notification.swift */ = {isa = PBXFileReference; lastKnownFileType = sourcecode.swift; path = Notification.swift; sourceTree = "<group>"; };
		B27F7E50219AE13400AA9520 /* PaymentTrainerTableViewCell.swift */ = {isa = PBXFileReference; lastKnownFileType = sourcecode.swift; path = PaymentTrainerTableViewCell.swift; sourceTree = "<group>"; };
		B280D84C21387FDD00A59DB0 /* AddCourseTrainerViewController.swift */ = {isa = PBXFileReference; lastKnownFileType = sourcecode.swift; path = AddCourseTrainerViewController.swift; sourceTree = "<group>"; };
		B285F3EB21ED1162003055D4 /* HelpTableViewCell.swift */ = {isa = PBXFileReference; lastKnownFileType = sourcecode.swift; path = HelpTableViewCell.swift; sourceTree = "<group>"; };
		B28986AA21B6F2B500244FB5 /* OngoingProgressTraineeTableViewController.swift */ = {isa = PBXFileReference; lastKnownFileType = sourcecode.swift; path = OngoingProgressTraineeTableViewController.swift; sourceTree = "<group>"; };
		B2901ECB21D3F958005ED68D /* Review.swift */ = {isa = PBXFileReference; lastKnownFileType = sourcecode.swift; path = Review.swift; sourceTree = "<group>"; };
		B2901ECD21D3FB4B005ED68D /* EachReview.swift */ = {isa = PBXFileReference; lastKnownFileType = sourcecode.swift; path = EachReview.swift; sourceTree = "<group>"; };
		B2936DE221467CA700C0DB89 /* BookPlaceDetail.swift */ = {isa = PBXFileReference; lastKnownFileType = sourcecode.swift; path = BookPlaceDetail.swift; sourceTree = "<group>"; };
		B293FACC21CFE59100ED792D /* ReviewProfileTraineeTableViewCell.swift */ = {isa = PBXFileReference; lastKnownFileType = sourcecode.swift; path = ReviewProfileTraineeTableViewCell.swift; sourceTree = "<group>"; };
		B2AB110821455EB900E84321 /* CourseDetailTableViewCell.swift */ = {isa = PBXFileReference; lastKnownFileType = sourcecode.swift; path = CourseDetailTableViewCell.swift; sourceTree = "<group>"; };
		B2AB110E214655D900E84321 /* AddSchedulePlaceViewController.swift */ = {isa = PBXFileReference; lastKnownFileType = sourcecode.swift; path = AddSchedulePlaceViewController.swift; sourceTree = "<group>"; };
		B2AD80FF21D68E2B0077B802 /* ChangePasswordViewController.swift */ = {isa = PBXFileReference; lastKnownFileType = sourcecode.swift; path = ChangePasswordViewController.swift; sourceTree = "<group>"; };
		B2AE2C862133B46300B0B9B1 /* SidebarTrainerViewController.swift */ = {isa = PBXFileReference; lastKnownFileType = sourcecode.swift; path = SidebarTrainerViewController.swift; sourceTree = "<group>"; };
		B2B62D2221A5FDAF0002B0E6 /* SuccessfulTraineeTableViewCell.swift */ = {isa = PBXFileReference; lastKnownFileType = sourcecode.swift; path = SuccessfulTraineeTableViewCell.swift; sourceTree = "<group>"; };
		B2B62D2421A60F200002B0E6 /* SuccessfulTrainerTableViewCell.swift */ = {isa = PBXFileReference; lastKnownFileType = sourcecode.swift; path = SuccessfulTrainerTableViewCell.swift; sourceTree = "<group>"; };
		B2B6CE55217F1A6D00869488 /* PendingBookPlaceDetail.swift */ = {isa = PBXFileReference; lastKnownFileType = sourcecode.swift; path = PendingBookPlaceDetail.swift; sourceTree = "<group>"; };
		B2B6CE57217FB8F100869488 /* ProgressTableViewCell.swift */ = {isa = PBXFileReference; lastKnownFileType = sourcecode.swift; path = ProgressTableViewCell.swift; sourceTree = "<group>"; };
		B2B8BC50212BC5D5009A3712 /* TrainMe.app */ = {isa = PBXFileReference; explicitFileType = wrapper.application; includeInIndex = 0; path = TrainMe.app; sourceTree = BUILT_PRODUCTS_DIR; };
		B2B8BC53212BC5D5009A3712 /* AppDelegate.swift */ = {isa = PBXFileReference; lastKnownFileType = sourcecode.swift; path = AppDelegate.swift; sourceTree = "<group>"; };
		B2B8BC55212BC5D5009A3712 /* ViewController.swift */ = {isa = PBXFileReference; lastKnownFileType = sourcecode.swift; path = ViewController.swift; sourceTree = "<group>"; };
		B2B8BC58212BC5D5009A3712 /* Base */ = {isa = PBXFileReference; lastKnownFileType = file.storyboard; name = Base; path = Base.lproj/Main.storyboard; sourceTree = "<group>"; };
		B2B8BC5A212BC5D7009A3712 /* Assets.xcassets */ = {isa = PBXFileReference; lastKnownFileType = folder.assetcatalog; path = Assets.xcassets; sourceTree = "<group>"; };
		B2B8BC5D212BC5D7009A3712 /* Base */ = {isa = PBXFileReference; lastKnownFileType = file.storyboard; name = Base; path = Base.lproj/LaunchScreen.storyboard; sourceTree = "<group>"; };
		B2B8BC5F212BC5D7009A3712 /* Info.plist */ = {isa = PBXFileReference; lastKnownFileType = text.plist.xml; path = Info.plist; sourceTree = "<group>"; };
		B2B8BC64212BC5D7009A3712 /* TrainMeTests.xctest */ = {isa = PBXFileReference; explicitFileType = wrapper.cfbundle; includeInIndex = 0; path = TrainMeTests.xctest; sourceTree = BUILT_PRODUCTS_DIR; };
		B2B8BC68212BC5D7009A3712 /* TrainMeTests.swift */ = {isa = PBXFileReference; lastKnownFileType = sourcecode.swift; path = TrainMeTests.swift; sourceTree = "<group>"; };
		B2B8BC6A212BC5D7009A3712 /* Info.plist */ = {isa = PBXFileReference; lastKnownFileType = text.plist.xml; path = Info.plist; sourceTree = "<group>"; };
		B2B8BC6F212BC5D7009A3712 /* TrainMeUITests.xctest */ = {isa = PBXFileReference; explicitFileType = wrapper.cfbundle; includeInIndex = 0; path = TrainMeUITests.xctest; sourceTree = BUILT_PRODUCTS_DIR; };
		B2B8BC73212BC5D7009A3712 /* TrainMeUITests.swift */ = {isa = PBXFileReference; lastKnownFileType = sourcecode.swift; path = TrainMeUITests.swift; sourceTree = "<group>"; };
		B2B8BC75212BC5D7009A3712 /* Info.plist */ = {isa = PBXFileReference; lastKnownFileType = text.plist.xml; path = Info.plist; sourceTree = "<group>"; };
		B2B929D0216B14F600D61E0A /* ProfileTrainerViewController.swift */ = {isa = PBXFileReference; lastKnownFileType = sourcecode.swift; path = ProfileTrainerViewController.swift; sourceTree = "<group>"; };
		B2B9E3562152477D0048E501 /* ViewCourseTrainerByTraineeViewController.swift */ = {isa = PBXFileReference; lastKnownFileType = sourcecode.swift; path = ViewCourseTrainerByTraineeViewController.swift; sourceTree = "<group>"; };
		B2B9E358215261CA0048E501 /* NewProgressViewController.swift */ = {isa = PBXFileReference; lastKnownFileType = sourcecode.swift; path = NewProgressViewController.swift; sourceTree = "<group>"; };
		B2CE11A521BB27170042E4A6 /* EachOngoingTraineeTableViewCell.swift */ = {isa = PBXFileReference; lastKnownFileType = sourcecode.swift; path = EachOngoingTraineeTableViewCell.swift; sourceTree = "<group>"; };
		B2CE11A721BC26730042E4A6 /* EachOngoingTraineeViewController.swift */ = {isa = PBXFileReference; lastKnownFileType = sourcecode.swift; path = EachOngoingTraineeViewController.swift; sourceTree = "<group>"; };
		B2CFF0F7212D4BF9003BF174 /* Register3ViewController.swift */ = {isa = PBXFileReference; lastKnownFileType = sourcecode.swift; path = Register3ViewController.swift; sourceTree = "<group>"; };
		B2EB023D21D90B4E00CE586D /* FullReviewTableViewCell.swift */ = {isa = PBXFileReference; lastKnownFileType = sourcecode.swift; path = FullReviewTableViewCell.swift; sourceTree = "<group>"; };
		B2EEE32B21B1AF0200E2AEB0 /* EditCreditCardViewController.swift */ = {isa = PBXFileReference; lastKnownFileType = sourcecode.swift; path = EditCreditCardViewController.swift; sourceTree = "<group>"; };
		B2FB780421EE214200FC34A5 /* ViewHelpViewController.swift */ = {isa = PBXFileReference; lastKnownFileType = sourcecode.swift; path = ViewHelpViewController.swift; sourceTree = "<group>"; };
		DC052F04C1EB9F9E13855E19 /* Pods-TrainMe.debug.xcconfig */ = {isa = PBXFileReference; includeInIndex = 1; lastKnownFileType = text.xcconfig; name = "Pods-TrainMe.debug.xcconfig"; path = "Pods/Target Support Files/Pods-TrainMe/Pods-TrainMe.debug.xcconfig"; sourceTree = "<group>"; };
/* End PBXFileReference section */

/* Begin PBXFrameworksBuildPhase section */
		B2B8BC4D212BC5D5009A3712 /* Frameworks */ = {
			isa = PBXFrameworksBuildPhase;
			buildActionMask = 2147483647;
			files = (
				B272239E2176963500288ADE /* OmiseSDK.framework in Frameworks */,
				F21472997981C08C5FF8E719 /* Pods_TrainMe.framework in Frameworks */,
			);
			runOnlyForDeploymentPostprocessing = 0;
		};
		B2B8BC61212BC5D7009A3712 /* Frameworks */ = {
			isa = PBXFrameworksBuildPhase;
			buildActionMask = 2147483647;
			files = (
				696D7F7C78288D0987CA153C /* Pods_TrainMeTests.framework in Frameworks */,
			);
			runOnlyForDeploymentPostprocessing = 0;
		};
		B2B8BC6C212BC5D7009A3712 /* Frameworks */ = {
			isa = PBXFrameworksBuildPhase;
			buildActionMask = 2147483647;
			files = (
				4F541E892DFA99967B2E7B65 /* Pods_TrainMeUITests.framework in Frameworks */,
			);
			runOnlyForDeploymentPostprocessing = 0;
		};
/* End PBXFrameworksBuildPhase section */

/* Begin PBXGroup section */
		0B5EACA48FDF96F170E3C7E7 /* Pods */ = {
			isa = PBXGroup;
			children = (
				DC052F04C1EB9F9E13855E19 /* Pods-TrainMe.debug.xcconfig */,
				16F7CCA7514E4610677B8507 /* Pods-TrainMe.release.xcconfig */,
				4BB82349EC517FBFA947B24F /* Pods-TrainMeTests.debug.xcconfig */,
				55C4A3547D6419CECA40BE2B /* Pods-TrainMeTests.release.xcconfig */,
				0CEFF5905B41EBC9936B38F8 /* Pods-TrainMeUITests.debug.xcconfig */,
				00381F36DE4033DBCA41F5A4 /* Pods-TrainMeUITests.release.xcconfig */,
			);
			name = Pods;
			sourceTree = "<group>";
		};
		B04EC4B1DC62F2AAC7C15BDF /* Frameworks */ = {
			isa = PBXGroup;
			children = (
				B2309F07213D986D0030EA1C /* JVFloatLabeledTextField.framework */,
				1EEE1C3745D35D886310CC9E /* Pods_TrainMe.framework */,
				6A39929C094749B12C461F47 /* Pods_TrainMeTests.framework */,
				A05703BEEA1300794C374882 /* Pods_TrainMeUITests.framework */,
			);
			name = Frameworks;
			sourceTree = "<group>";
		};
		B202BD17214D698400DE0790 /* trainer */ = {
			isa = PBXGroup;
			children = (
				B26B4BE721632E10003CB72C /* collectioncells */,
				B280D84E21392C6C00A59DB0 /* controllers */,
			);
			path = trainer;
			sourceTree = "<group>";
		};
		B202BD18214D69B800DE0790 /* trainee */ = {
			isa = PBXGroup;
			children = (
				B202BD19214D69C100DE0790 /* controllers */,
			);
			path = trainee;
			sourceTree = "<group>";
		};
		B202BD19214D69C100DE0790 /* controllers */ = {
			isa = PBXGroup;
			children = (
				B28986AC21B6FBBA00244FB5 /* tableviews */,
				B202BD2A21502AA900DE0790 /* tableviewcells */,
				B202BD23214E887300DE0790 /* sidebar */,
				B202BD1A214D6A4100DE0790 /* tabbars */,
				B2B9E358215261CA0048E501 /* NewProgressViewController.swift */,
				B2357E2521AFDFA7006EA2DC /* SelectCreditCardToChargeViewController.swift */,
				B2CE11A721BC26730042E4A6 /* EachOngoingTraineeViewController.swift */,
				B26783D921C8BF53001EE44E /* ReviewTrainerByTraineeViewController.swift */,
				B25BD02B21CBBE5000FC3FDF /* ProfileTraineeViewController.swift */,
				B2115E1B21D561AB0074C02A /* EditProfileTraineeViewController.swift */,
				B2AD80FF21D68E2B0077B802 /* ChangePasswordViewController.swift */,
				B212FA0621D8FFCC008D6956 /* FullReviewProfileViewController.swift */,
			);
			path = controllers;
			sourceTree = "<group>";
		};
		B202BD1A214D6A4100DE0790 /* tabbars */ = {
			isa = PBXGroup;
			children = (
				B2B9E3562152477D0048E501 /* ViewCourseTrainerByTraineeViewController.swift */,
				B23D2E0D214C2BA500CFCAC0 /* ShowCourseTrainerSpecifiedViewController.swift */,
				B201C67E2147CF0100A5E1E8 /* ShowTrainerMarkerViewController.swift */,
				B202BD1D214D712300DE0790 /* FindTabTraineeViewController.swift */,
				B202BD1F214D713600DE0790 /* ProgressTabTraineeViewController.swift */,
				B202BD21214D714900DE0790 /* NotificationTabTraineeViewController.swift */,
			);
			path = tabbars;
			sourceTree = "<group>";
		};
		B202BD23214E887300DE0790 /* sidebar */ = {
			isa = PBXGroup;
			children = (
				B24664E121AC46B10065655F /* AddCreditCardViewController.swift */,
				B24664E321AEB0EF0065655F /* ViewCreditCardViewController.swift */,
				B2EEE32B21B1AF0200E2AEB0 /* EditCreditCardViewController.swift */,
				B202BD1B214D6F7300DE0790 /* SidebarTraineeViewController.swift */,
				B202BD26214E912E00DE0790 /* AddCitizencardViewController.swift */,
				B202BD2821501D3600DE0790 /* AddCertificateViewController.swift */,
			);
			path = sidebar;
			sourceTree = "<group>";
		};
		B202BD2A21502AA900DE0790 /* tableviewcells */ = {
			isa = PBXGroup;
			children = (
				B24664E521AEB3C60065655F /* ViewCreditCardTableViewCell.swift */,
				B202BD2B21502AC400DE0790 /* CertificateTableViewCell.swift */,
				B263566D218830C100277F67 /* ConfirmationTableViewCell.swift */,
				B23E918A219AD387000AECF8 /* PaymentTraineeTableViewCell.swift */,
				B224C71121A3D90B00DD33AB /* OngoingTraineeTableViewCell.swift */,
				B2B62D2221A5FDAF0002B0E6 /* SuccessfulTraineeTableViewCell.swift */,
				B2CE11A521BB27170042E4A6 /* EachOngoingTraineeTableViewCell.swift */,
				B293FACC21CFE59100ED792D /* ReviewProfileTraineeTableViewCell.swift */,
				B2EB023D21D90B4E00CE586D /* FullReviewTableViewCell.swift */,
			);
			path = tableviewcells;
			sourceTree = "<group>";
		};
		B20ECAEB213FDE7E0084E685 /* tableviewcells */ = {
			isa = PBXGroup;
			children = (
				B2B6CE57217FB8F100869488 /* ProgressTableViewCell.swift */,
				B20ECAEE213FE4590084E685 /* AllCourseTrainerTableViewCell.swift */,
				B2AB110821455EB900E84321 /* CourseDetailTableViewCell.swift */,
				B23D2E0B2148FD5100CFCAC0 /* TrainerSelectedTableViewCell.swift */,
				B23D2E0F214C334300CFCAC0 /* SelectedTrainerCourseTableViewCell.swift */,
				B27F7E50219AE13400AA9520 /* PaymentTrainerTableViewCell.swift */,
				B224C71721A41F3300DD33AB /* OngoingTrainerTableViewCell.swift */,
				B2B62D2421A60F200002B0E6 /* SuccessfulTrainerTableViewCell.swift */,
				B236E7E321CA1D9B00FDFB0C /* EachOngoingTrainerTableViewCell.swift */,
				B279BFAD21E11EBC007BA390 /* NotificationTrainerTableViewCell.swift */,
			);
			path = tableviewcells;
			sourceTree = "<group>";
		};
		B2307ED021351417000CB3AB /* models */ = {
			isa = PBXGroup;
			children = (
				B2307ED12135142E000CB3AB /* UserProfile.swift */,
				B24144B62137F94D00F8315B /* extension.swift */,
				B23E7DB6213ECA5B005E7F7F /* Course.swift */,
				B2936DE221467CA700C0DB89 /* BookPlaceDetail.swift */,
				B202BD2E2150B7C300DE0790 /* Certificate.swift */,
				B2B6CE55217F1A6D00869488 /* PendingBookPlaceDetail.swift */,
				B224C71321A3E49500DD33AB /* OngoingDetail.swift */,
				B224C71521A3EC7100DD33AB /* EachOngoingDetail.swift */,
				B24664E721AEFF6F0065655F /* CreditCard.swift */,
				B236E7D921C8FFC400FDFB0C /* RatingController.swift */,
				B2901ECB21D3F958005ED68D /* Review.swift */,
				B2901ECD21D3FB4B005ED68D /* EachReview.swift */,
				B2168B9B21D920B600211223 /* Help.swift */,
				B279BFAF21E12170007BA390 /* Notification.swift */,
			);
			path = models;
			sourceTree = "<group>";
		};
		B236E7DD21CA039A00FDFB0C /* tableviews */ = {
			isa = PBXGroup;
			children = (
				B236E7DE21CA03BB00FDFB0C /* progress */,
				B200E22521D2CDBA00135088 /* ReviewProfileTainerTableViewCell.swift */,
			);
			path = tableviews;
			sourceTree = "<group>";
		};
		B236E7DE21CA03BB00FDFB0C /* progress */ = {
			isa = PBXGroup;
			children = (
				B236E7DF21CA03EA00FDFB0C /* ConfirmationProgressTrainerTableViewController.swift */,
				B236E7E121CA10DA00FDFB0C /* OngoingProgressTrainerTableViewController.swift */,
			);
			path = progress;
			sourceTree = "<group>";
		};
		B24664E021ABE5110065655F /* sidebar */ = {
			isa = PBXGroup;
			children = (
				B2AE2C862133B46300B0B9B1 /* SidebarTrainerViewController.swift */,
			);
			path = sidebar;
			sourceTree = "<group>";
		};
		B25A8110212BD53B00073C68 /* fonts */ = {
			isa = PBXGroup;
			children = (
				B25A8112212BD5B400073C68 /* NotoSans-Bold.ttf */,
				B25A8114212BD5F500073C68 /* NotoSans-Light.ttf */,
				B25A8111212BD59300073C68 /* NotoSans-Medium.ttf */,
				B25A8113212BD5D500073C68 /* NotoSans-Black.ttf */,
			);
			path = fonts;
			sourceTree = "<group>";
		};
		B26B4BE721632E10003CB72C /* collectioncells */ = {
			isa = PBXGroup;
			children = (
				B26B4BE821632E47003CB72C /* TimeButtonCollectionViewCell.swift */,
			);
			path = collectioncells;
			sourceTree = "<group>";
		};
		B280D84E21392C6C00A59DB0 /* controllers */ = {
			isa = PBXGroup;
			children = (
				B24664E021ABE5110065655F /* sidebar */,
				B236E7DD21CA039A00FDFB0C /* tableviews */,
				B2B8BC55212BC5D5009A3712 /* ViewController.swift */,
				B20E30C3212BFB18001B43B1 /* LoginViewController.swift */,
				B280D84C21387FDD00A59DB0 /* AddCourseTrainerViewController.swift */,
				B23E7DB8213FB5E7005E7F7F /* CustomSegmentedControl.swift */,
				B20ECAF02141505F0084E685 /* ViewCourseTrainerViewController.swift */,
				B21CCD4A2141CA610013EA56 /* EditCourseViewController.swift */,
				B2AB110E214655D900E84321 /* AddSchedulePlaceViewController.swift */,
				B280D84F21392C9000A59DB0 /* tabbars */,
				B20ECAEB213FDE7E0084E685 /* tableviewcells */,
				B2B929D0216B14F600D61E0A /* ProfileTrainerViewController.swift */,
				B236E7E521CA1ED300FDFB0C /* EachOngoingTrainerViewController.swift */,
			);
			path = controllers;
			sourceTree = "<group>";
		};
		B280D84F21392C9000A59DB0 /* tabbars */ = {
			isa = PBXGroup;
			children = (
				B26ED3482132C45F003F0637 /* BookTabTrainerViewController.swift */,
				B23E796B2132CA650082FD1E /* ProgressTabTrainerViewController.swift */,
				B23E796D2132CA7A0082FD1E /* CourseTabTrainerViewController.swift */,
				B23E796F2132CA8F0082FD1E /* NotificationTabTrainerViewController.swift */,
			);
			path = tabbars;
			sourceTree = "<group>";
		};
		B280D85221392CB700A59DB0 /* registers */ = {
			isa = PBXGroup;
			children = (
				B20E30C5212C1013001B43B1 /* ForgetPasswordViewController.swift */,
				B20E30C7212C1B42001B43B1 /* RegisterViewController.swift */,
				B24B8A8D212D16F400C59074 /* Register2ViewController.swift */,
				B2CFF0F7212D4BF9003BF174 /* Register3ViewController.swift */,
			);
			path = registers;
			sourceTree = "<group>";
		};
		B28986AC21B6FBBA00244FB5 /* tableviews */ = {
			isa = PBXGroup;
			children = (
				B28986AD21B6FBDA00244FB5 /* progress */,
			);
			path = tableviews;
			sourceTree = "<group>";
		};
		B28986AD21B6FBDA00244FB5 /* progress */ = {
			isa = PBXGroup;
			children = (
				B28986AA21B6F2B500244FB5 /* OngoingProgressTraineeTableViewController.swift */,
				B236E7DB21C92E7B00FDFB0C /* ConfirmationProgressTraineeTableViewController.swift */,
			);
			path = progress;
			sourceTree = "<group>";
		};
		B2B8BC47212BC5D5009A3712 = {
			isa = PBXGroup;
			children = (
				B2B8BC52212BC5D5009A3712 /* TrainMe */,
				B2B8BC67212BC5D7009A3712 /* TrainMeTests */,
				B2B8BC72212BC5D7009A3712 /* TrainMeUITests */,
				B2B8BC51212BC5D5009A3712 /* Products */,
				0B5EACA48FDF96F170E3C7E7 /* Pods */,
				B04EC4B1DC62F2AAC7C15BDF /* Frameworks */,
			);
			sourceTree = "<group>";
		};
		B2B8BC51212BC5D5009A3712 /* Products */ = {
			isa = PBXGroup;
			children = (
				B2B8BC50212BC5D5009A3712 /* TrainMe.app */,
				B2B8BC64212BC5D7009A3712 /* TrainMeTests.xctest */,
				B2B8BC6F212BC5D7009A3712 /* TrainMeUITests.xctest */,
			);
			name = Products;
			sourceTree = "<group>";
		};
		B2B8BC52212BC5D5009A3712 /* TrainMe */ = {
			isa = PBXGroup;
			children = (
				B263566F2188884200277F67 /* TrainMe.entitlements */,
				B272239B2176961F00288ADE /* OmiseSDK.framework */,
				B272239A2176961F00288ADE /* OmiseSDK.framework.dSYM */,
				B202BD18214D69B800DE0790 /* trainee */,
				B202BD17214D698400DE0790 /* trainer */,
				B280D85221392CB700A59DB0 /* registers */,
				B2307ED021351417000CB3AB /* models */,
				B24144B421371ACF00F8315B /* Localizable.strings */,
				B2B8BC53212BC5D5009A3712 /* AppDelegate.swift */,
				B2B8BC57212BC5D5009A3712 /* Main.storyboard */,
				B2B8BC5A212BC5D7009A3712 /* Assets.xcassets */,
				B2B8BC5C212BC5D7009A3712 /* LaunchScreen.storyboard */,
				B2B8BC5F212BC5D7009A3712 /* Info.plist */,
				B224A060212BC92800DA7E47 /* GoogleService-Info.plist */,
				B25A8110212BD53B00073C68 /* fonts */,
				B2168B9921D91BF100211223 /* HelpViewController.swift */,
				B285F3EB21ED1162003055D4 /* HelpTableViewCell.swift */,
				B2FB780421EE214200FC34A5 /* ViewHelpViewController.swift */,
			);
			path = TrainMe;
			sourceTree = "<group>";
		};
		B2B8BC67212BC5D7009A3712 /* TrainMeTests */ = {
			isa = PBXGroup;
			children = (
				B2B8BC68212BC5D7009A3712 /* TrainMeTests.swift */,
				B2B8BC6A212BC5D7009A3712 /* Info.plist */,
			);
			path = TrainMeTests;
			sourceTree = "<group>";
		};
		B2B8BC72212BC5D7009A3712 /* TrainMeUITests */ = {
			isa = PBXGroup;
			children = (
				B2B8BC73212BC5D7009A3712 /* TrainMeUITests.swift */,
				B2B8BC75212BC5D7009A3712 /* Info.plist */,
			);
			path = TrainMeUITests;
			sourceTree = "<group>";
		};
/* End PBXGroup section */

/* Begin PBXNativeTarget section */
		B2B8BC4F212BC5D5009A3712 /* TrainMe */ = {
			isa = PBXNativeTarget;
			buildConfigurationList = B2B8BC78212BC5D7009A3712 /* Build configuration list for PBXNativeTarget "TrainMe" */;
			buildPhases = (
				0797995F89ECBDEF9EE34D1E /* [CP] Check Pods Manifest.lock */,
				B2B8BC4C212BC5D5009A3712 /* Sources */,
				B2B8BC4D212BC5D5009A3712 /* Frameworks */,
				B2B8BC4E212BC5D5009A3712 /* Resources */,
				3711B05C8BFC5FC6B43B5A4E /* [CP] Embed Pods Frameworks */,
				5A66EBACFB4C3BBFB9DCD82C /* [CP] Copy Pods Resources */,
				B27223A02176963500288ADE /* Embed Frameworks */,
			);
			buildRules = (
			);
			dependencies = (
			);
			name = TrainMe;
			productName = TrainMe;
			productReference = B2B8BC50212BC5D5009A3712 /* TrainMe.app */;
			productType = "com.apple.product-type.application";
		};
		B2B8BC63212BC5D7009A3712 /* TrainMeTests */ = {
			isa = PBXNativeTarget;
			buildConfigurationList = B2B8BC7B212BC5D7009A3712 /* Build configuration list for PBXNativeTarget "TrainMeTests" */;
			buildPhases = (
				6CFCB23AB0EA22E3DE1B1787 /* [CP] Check Pods Manifest.lock */,
				B2B8BC60212BC5D7009A3712 /* Sources */,
				B2B8BC61212BC5D7009A3712 /* Frameworks */,
				B2B8BC62212BC5D7009A3712 /* Resources */,
			);
			buildRules = (
			);
			dependencies = (
				B2B8BC66212BC5D7009A3712 /* PBXTargetDependency */,
			);
			name = TrainMeTests;
			productName = TrainMeTests;
			productReference = B2B8BC64212BC5D7009A3712 /* TrainMeTests.xctest */;
			productType = "com.apple.product-type.bundle.unit-test";
		};
		B2B8BC6E212BC5D7009A3712 /* TrainMeUITests */ = {
			isa = PBXNativeTarget;
			buildConfigurationList = B2B8BC7E212BC5D7009A3712 /* Build configuration list for PBXNativeTarget "TrainMeUITests" */;
			buildPhases = (
				90143C2DCF5E4BCE4F1B7D11 /* [CP] Check Pods Manifest.lock */,
				B2B8BC6B212BC5D7009A3712 /* Sources */,
				B2B8BC6C212BC5D7009A3712 /* Frameworks */,
				B2B8BC6D212BC5D7009A3712 /* Resources */,
			);
			buildRules = (
			);
			dependencies = (
				B2B8BC71212BC5D7009A3712 /* PBXTargetDependency */,
			);
			name = TrainMeUITests;
			productName = TrainMeUITests;
			productReference = B2B8BC6F212BC5D7009A3712 /* TrainMeUITests.xctest */;
			productType = "com.apple.product-type.bundle.ui-testing";
		};
/* End PBXNativeTarget section */

/* Begin PBXProject section */
		B2B8BC48212BC5D5009A3712 /* Project object */ = {
			isa = PBXProject;
			attributes = {
				LastSwiftUpdateCheck = 0940;
				LastUpgradeCheck = 0940;
				ORGANIZATIONNAME = "Sirichai Binchai";
				TargetAttributes = {
					B2B8BC4F212BC5D5009A3712 = {
						CreatedOnToolsVersion = 9.4;
						SystemCapabilities = {
							com.apple.Keychain = {
								enabled = 1;
							};
						};
					};
					B2B8BC63212BC5D7009A3712 = {
						CreatedOnToolsVersion = 9.4;
						TestTargetID = B2B8BC4F212BC5D5009A3712;
					};
					B2B8BC6E212BC5D7009A3712 = {
						CreatedOnToolsVersion = 9.4;
						TestTargetID = B2B8BC4F212BC5D5009A3712;
					};
				};
			};
			buildConfigurationList = B2B8BC4B212BC5D5009A3712 /* Build configuration list for PBXProject "TrainMe" */;
			compatibilityVersion = "Xcode 9.3";
			developmentRegion = en;
			hasScannedForEncodings = 0;
			knownRegions = (
				en,
				Base,
				th,
			);
			mainGroup = B2B8BC47212BC5D5009A3712;
			productRefGroup = B2B8BC51212BC5D5009A3712 /* Products */;
			projectDirPath = "";
			projectRoot = "";
			targets = (
				B2B8BC4F212BC5D5009A3712 /* TrainMe */,
				B2B8BC63212BC5D7009A3712 /* TrainMeTests */,
				B2B8BC6E212BC5D7009A3712 /* TrainMeUITests */,
			);
		};
/* End PBXProject section */

/* Begin PBXResourcesBuildPhase section */
		B2B8BC4E212BC5D5009A3712 /* Resources */ = {
			isa = PBXResourcesBuildPhase;
			buildActionMask = 2147483647;
			files = (
				B25A811E212BD61600073C68 /* NotoSans-Light.ttf in Resources */,
				B25A8118212BD61600073C68 /* NotoSans-Bold.ttf in Resources */,
				B2B8BC5E212BC5D7009A3712 /* LaunchScreen.storyboard in Resources */,
				B224A061212BC92900DA7E47 /* GoogleService-Info.plist in Resources */,
				B24144B221371ACF00F8315B /* Localizable.strings in Resources */,
				B272239C2176961F00288ADE /* OmiseSDK.framework.dSYM in Resources */,
				B2B8BC5B212BC5D7009A3712 /* Assets.xcassets in Resources */,
				B25A811B212BD61600073C68 /* NotoSans-Black.ttf in Resources */,
				B2B8BC59212BC5D5009A3712 /* Main.storyboard in Resources */,
				B25A8115212BD61600073C68 /* NotoSans-Medium.ttf in Resources */,
			);
			runOnlyForDeploymentPostprocessing = 0;
		};
		B2B8BC62212BC5D7009A3712 /* Resources */ = {
			isa = PBXResourcesBuildPhase;
			buildActionMask = 2147483647;
			files = (
				B25A811F212BD61600073C68 /* NotoSans-Light.ttf in Resources */,
				B25A8119212BD61600073C68 /* NotoSans-Bold.ttf in Resources */,
				B25A811C212BD61600073C68 /* NotoSans-Black.ttf in Resources */,
				B25A8116212BD61600073C68 /* NotoSans-Medium.ttf in Resources */,
			);
			runOnlyForDeploymentPostprocessing = 0;
		};
		B2B8BC6D212BC5D7009A3712 /* Resources */ = {
			isa = PBXResourcesBuildPhase;
			buildActionMask = 2147483647;
			files = (
				B25A8120212BD61600073C68 /* NotoSans-Light.ttf in Resources */,
				B25A811A212BD61600073C68 /* NotoSans-Bold.ttf in Resources */,
				B25A811D212BD61600073C68 /* NotoSans-Black.ttf in Resources */,
				B25A8117212BD61600073C68 /* NotoSans-Medium.ttf in Resources */,
			);
			runOnlyForDeploymentPostprocessing = 0;
		};
/* End PBXResourcesBuildPhase section */

/* Begin PBXShellScriptBuildPhase section */
		0797995F89ECBDEF9EE34D1E /* [CP] Check Pods Manifest.lock */ = {
			isa = PBXShellScriptBuildPhase;
			buildActionMask = 2147483647;
			files = (
			);
			inputPaths = (
				"${PODS_PODFILE_DIR_PATH}/Podfile.lock",
				"${PODS_ROOT}/Manifest.lock",
			);
			name = "[CP] Check Pods Manifest.lock";
			outputPaths = (
				"$(DERIVED_FILE_DIR)/Pods-TrainMe-checkManifestLockResult.txt",
			);
			runOnlyForDeploymentPostprocessing = 0;
			shellPath = /bin/sh;
			shellScript = "diff \"${PODS_PODFILE_DIR_PATH}/Podfile.lock\" \"${PODS_ROOT}/Manifest.lock\" > /dev/null\nif [ $? != 0 ] ; then\n    # print error to STDERR\n    echo \"error: The sandbox is not in sync with the Podfile.lock. Run 'pod install' or update your CocoaPods installation.\" >&2\n    exit 1\nfi\n# This output is used by Xcode 'outputs' to avoid re-running this script phase.\necho \"SUCCESS\" > \"${SCRIPT_OUTPUT_FILE_0}\"\n";
			showEnvVarsInLog = 0;
		};
		3711B05C8BFC5FC6B43B5A4E /* [CP] Embed Pods Frameworks */ = {
			isa = PBXShellScriptBuildPhase;
			buildActionMask = 2147483647;
			files = (
			);
			inputPaths = (
				"${SRCROOT}/Pods/Target Support Files/Pods-TrainMe/Pods-TrainMe-frameworks.sh",
				"${BUILT_PRODUCTS_DIR}/Alamofire/Alamofire.framework",
				"${BUILT_PRODUCTS_DIR}/Bolts/Bolts.framework",
				"${BUILT_PRODUCTS_DIR}/CreditCardForm/CreditCardForm.framework",
				"${BUILT_PRODUCTS_DIR}/CropViewController/CropViewController.framework",
				"${BUILT_PRODUCTS_DIR}/DTTextField/DTTextField.framework",
				"${BUILT_PRODUCTS_DIR}/ExpandableLabel/ExpandableLabel.framework",
				"${BUILT_PRODUCTS_DIR}/FBSDKCoreKit/FBSDKCoreKit.framework",
				"${BUILT_PRODUCTS_DIR}/FBSDKLoginKit/FBSDKLoginKit.framework",
				"${BUILT_PRODUCTS_DIR}/FacebookCore/FacebookCore.framework",
				"${BUILT_PRODUCTS_DIR}/FacebookLogin/FacebookLogin.framework",
				"${BUILT_PRODUCTS_DIR}/GTMSessionFetcher/GTMSessionFetcher.framework",
				"${BUILT_PRODUCTS_DIR}/GoogleToolboxForMac/GoogleToolboxForMac.framework",
				"${BUILT_PRODUCTS_DIR}/GoogleUtilities/GoogleUtilities.framework",
				"${BUILT_PRODUCTS_DIR}/ImageSlideshow/ImageSlideshow.framework",
				"${BUILT_PRODUCTS_DIR}/Protobuf/Protobuf.framework",
				"${BUILT_PRODUCTS_DIR}/SWRevealViewController/SWRevealViewController.framework",
				"${BUILT_PRODUCTS_DIR}/Stripe/Stripe.framework",
				"${BUILT_PRODUCTS_DIR}/SwiftyJSON/SwiftyJSON.framework",
				"${BUILT_PRODUCTS_DIR}/leveldb-library/leveldb.framework",
				"${BUILT_PRODUCTS_DIR}/nanopb/nanopb.framework",
			);
			name = "[CP] Embed Pods Frameworks";
			outputPaths = (
				"${TARGET_BUILD_DIR}/${FRAMEWORKS_FOLDER_PATH}/Alamofire.framework",
				"${TARGET_BUILD_DIR}/${FRAMEWORKS_FOLDER_PATH}/Bolts.framework",
				"${TARGET_BUILD_DIR}/${FRAMEWORKS_FOLDER_PATH}/CreditCardForm.framework",
				"${TARGET_BUILD_DIR}/${FRAMEWORKS_FOLDER_PATH}/CropViewController.framework",
				"${TARGET_BUILD_DIR}/${FRAMEWORKS_FOLDER_PATH}/DTTextField.framework",
				"${TARGET_BUILD_DIR}/${FRAMEWORKS_FOLDER_PATH}/ExpandableLabel.framework",
				"${TARGET_BUILD_DIR}/${FRAMEWORKS_FOLDER_PATH}/FBSDKCoreKit.framework",
				"${TARGET_BUILD_DIR}/${FRAMEWORKS_FOLDER_PATH}/FBSDKLoginKit.framework",
				"${TARGET_BUILD_DIR}/${FRAMEWORKS_FOLDER_PATH}/FacebookCore.framework",
				"${TARGET_BUILD_DIR}/${FRAMEWORKS_FOLDER_PATH}/FacebookLogin.framework",
				"${TARGET_BUILD_DIR}/${FRAMEWORKS_FOLDER_PATH}/GTMSessionFetcher.framework",
				"${TARGET_BUILD_DIR}/${FRAMEWORKS_FOLDER_PATH}/GoogleToolboxForMac.framework",
				"${TARGET_BUILD_DIR}/${FRAMEWORKS_FOLDER_PATH}/GoogleUtilities.framework",
				"${TARGET_BUILD_DIR}/${FRAMEWORKS_FOLDER_PATH}/ImageSlideshow.framework",
				"${TARGET_BUILD_DIR}/${FRAMEWORKS_FOLDER_PATH}/Protobuf.framework",
				"${TARGET_BUILD_DIR}/${FRAMEWORKS_FOLDER_PATH}/SWRevealViewController.framework",
				"${TARGET_BUILD_DIR}/${FRAMEWORKS_FOLDER_PATH}/Stripe.framework",
				"${TARGET_BUILD_DIR}/${FRAMEWORKS_FOLDER_PATH}/SwiftyJSON.framework",
				"${TARGET_BUILD_DIR}/${FRAMEWORKS_FOLDER_PATH}/leveldb.framework",
				"${TARGET_BUILD_DIR}/${FRAMEWORKS_FOLDER_PATH}/nanopb.framework",
			);
			runOnlyForDeploymentPostprocessing = 0;
			shellPath = /bin/sh;
			shellScript = "\"${SRCROOT}/Pods/Target Support Files/Pods-TrainMe/Pods-TrainMe-frameworks.sh\"\n";
			showEnvVarsInLog = 0;
		};
		5A66EBACFB4C3BBFB9DCD82C /* [CP] Copy Pods Resources */ = {
			isa = PBXShellScriptBuildPhase;
			buildActionMask = 2147483647;
			files = (
			);
			inputPaths = (
				"${SRCROOT}/Pods/Target Support Files/Pods-TrainMe/Pods-TrainMe-resources.sh",
				"${PODS_ROOT}/GoogleMaps/Maps/Frameworks/GoogleMaps.framework/Resources/GoogleMaps.bundle",
				"${PODS_ROOT}/GooglePlacePicker/Frameworks/GooglePlacePicker.framework/Resources/GooglePlacePicker.bundle",
				"${PODS_ROOT}/GooglePlaces/Frameworks/GooglePlaces.framework/Resources/GooglePlaces.bundle",
			);
			name = "[CP] Copy Pods Resources";
			outputPaths = (
				"${TARGET_BUILD_DIR}/${UNLOCALIZED_RESOURCES_FOLDER_PATH}/GoogleMaps.bundle",
				"${TARGET_BUILD_DIR}/${UNLOCALIZED_RESOURCES_FOLDER_PATH}/GooglePlacePicker.bundle",
				"${TARGET_BUILD_DIR}/${UNLOCALIZED_RESOURCES_FOLDER_PATH}/GooglePlaces.bundle",
			);
			runOnlyForDeploymentPostprocessing = 0;
			shellPath = /bin/sh;
			shellScript = "\"${SRCROOT}/Pods/Target Support Files/Pods-TrainMe/Pods-TrainMe-resources.sh\"\n";
			showEnvVarsInLog = 0;
		};
		6CFCB23AB0EA22E3DE1B1787 /* [CP] Check Pods Manifest.lock */ = {
			isa = PBXShellScriptBuildPhase;
			buildActionMask = 2147483647;
			files = (
			);
			inputPaths = (
				"${PODS_PODFILE_DIR_PATH}/Podfile.lock",
				"${PODS_ROOT}/Manifest.lock",
			);
			name = "[CP] Check Pods Manifest.lock";
			outputPaths = (
				"$(DERIVED_FILE_DIR)/Pods-TrainMeTests-checkManifestLockResult.txt",
			);
			runOnlyForDeploymentPostprocessing = 0;
			shellPath = /bin/sh;
			shellScript = "diff \"${PODS_PODFILE_DIR_PATH}/Podfile.lock\" \"${PODS_ROOT}/Manifest.lock\" > /dev/null\nif [ $? != 0 ] ; then\n    # print error to STDERR\n    echo \"error: The sandbox is not in sync with the Podfile.lock. Run 'pod install' or update your CocoaPods installation.\" >&2\n    exit 1\nfi\n# This output is used by Xcode 'outputs' to avoid re-running this script phase.\necho \"SUCCESS\" > \"${SCRIPT_OUTPUT_FILE_0}\"\n";
			showEnvVarsInLog = 0;
		};
		90143C2DCF5E4BCE4F1B7D11 /* [CP] Check Pods Manifest.lock */ = {
			isa = PBXShellScriptBuildPhase;
			buildActionMask = 2147483647;
			files = (
			);
			inputPaths = (
				"${PODS_PODFILE_DIR_PATH}/Podfile.lock",
				"${PODS_ROOT}/Manifest.lock",
			);
			name = "[CP] Check Pods Manifest.lock";
			outputPaths = (
				"$(DERIVED_FILE_DIR)/Pods-TrainMeUITests-checkManifestLockResult.txt",
			);
			runOnlyForDeploymentPostprocessing = 0;
			shellPath = /bin/sh;
			shellScript = "diff \"${PODS_PODFILE_DIR_PATH}/Podfile.lock\" \"${PODS_ROOT}/Manifest.lock\" > /dev/null\nif [ $? != 0 ] ; then\n    # print error to STDERR\n    echo \"error: The sandbox is not in sync with the Podfile.lock. Run 'pod install' or update your CocoaPods installation.\" >&2\n    exit 1\nfi\n# This output is used by Xcode 'outputs' to avoid re-running this script phase.\necho \"SUCCESS\" > \"${SCRIPT_OUTPUT_FILE_0}\"\n";
			showEnvVarsInLog = 0;
		};
/* End PBXShellScriptBuildPhase section */

/* Begin PBXSourcesBuildPhase section */
		B2B8BC4C212BC5D5009A3712 /* Sources */ = {
			isa = PBXSourcesBuildPhase;
			buildActionMask = 2147483647;
			files = (
				B224C71221A3D90B00DD33AB /* OngoingTraineeTableViewCell.swift in Sources */,
				B202BD2F2150B7C300DE0790 /* Certificate.swift in Sources */,
				B23E796C2132CA650082FD1E /* ProgressTabTrainerViewController.swift in Sources */,
				B202BD2C21502AC400DE0790 /* CertificateTableViewCell.swift in Sources */,
				B2AB110921455EB900E84321 /* CourseDetailTableViewCell.swift in Sources */,
				B2AD810021D68E2B0077B802 /* ChangePasswordViewController.swift in Sources */,
				B202BD1C214D6F7300DE0790 /* SidebarTraineeViewController.swift in Sources */,
				B24144B72137F94D00F8315B /* extension.swift in Sources */,
				B2AB110F214655D900E84321 /* AddSchedulePlaceViewController.swift in Sources */,
				B202BD1E214D712300DE0790 /* FindTabTraineeViewController.swift in Sources */,
				B2CFF0F8212D4BF9003BF174 /* Register3ViewController.swift in Sources */,
				B212FA0721D8FFCC008D6956 /* FullReviewProfileViewController.swift in Sources */,
				B26783DA21C8BF53001EE44E /* ReviewTrainerByTraineeViewController.swift in Sources */,
				B279BFAE21E11EBC007BA390 /* NotificationTrainerTableViewCell.swift in Sources */,
				B285F3EC21ED1162003055D4 /* HelpTableViewCell.swift in Sources */,
				B24664E221AC46B10065655F /* AddCreditCardViewController.swift in Sources */,
				B2936DE321467CA700C0DB89 /* BookPlaceDetail.swift in Sources */,
				B236E7E421CA1D9B00FDFB0C /* EachOngoingTrainerTableViewCell.swift in Sources */,
				B2B62D2521A60F200002B0E6 /* SuccessfulTrainerTableViewCell.swift in Sources */,
				B200E22621D2CDBA00135088 /* ReviewProfileTainerTableViewCell.swift in Sources */,
				B27F7E51219AE13400AA9520 /* PaymentTrainerTableViewCell.swift in Sources */,
				B224C71621A3EC7100DD33AB /* EachOngoingDetail.swift in Sources */,
				B224C71421A3E49500DD33AB /* OngoingDetail.swift in Sources */,
				B20E30C4212BFB18001B43B1 /* LoginViewController.swift in Sources */,
				B2CE11A821BC26730042E4A6 /* EachOngoingTraineeViewController.swift in Sources */,
				B2168B9A21D91BF100211223 /* HelpViewController.swift in Sources */,
				B236E7DA21C8FFC400FDFB0C /* RatingController.swift in Sources */,
				B20E30C8212C1B42001B43B1 /* RegisterViewController.swift in Sources */,
				B2115E1C21D561AC0074C02A /* EditProfileTraineeViewController.swift in Sources */,
				B23E7DB9213FB5E7005E7F7F /* CustomSegmentedControl.swift in Sources */,
				B26B4BE921632E47003CB72C /* TimeButtonCollectionViewCell.swift in Sources */,
				B2B8BC56212BC5D5009A3712 /* ViewController.swift in Sources */,
				B23E796E2132CA7A0082FD1E /* CourseTabTrainerViewController.swift in Sources */,
				B23E918B219AD387000AECF8 /* PaymentTraineeTableViewCell.swift in Sources */,
				B2FB780521EE214200FC34A5 /* ViewHelpViewController.swift in Sources */,
				B23D2E10214C334300CFCAC0 /* SelectedTrainerCourseTableViewCell.swift in Sources */,
				B293FACD21CFE59100ED792D /* ReviewProfileTraineeTableViewCell.swift in Sources */,
				B279BFB021E12170007BA390 /* Notification.swift in Sources */,
				B20E30C6212C1013001B43B1 /* ForgetPasswordViewController.swift in Sources */,
				B202BD27214E912E00DE0790 /* AddCitizencardViewController.swift in Sources */,
				B2EB023E21D90B4E00CE586D /* FullReviewTableViewCell.swift in Sources */,
				B25BD02C21CBBE5000FC3FDF /* ProfileTraineeViewController.swift in Sources */,
				B20ECAF12141505F0084E685 /* ViewCourseTrainerViewController.swift in Sources */,
				B2B62D2321A5FDAF0002B0E6 /* SuccessfulTraineeTableViewCell.swift in Sources */,
				B23D2E0C2148FD5100CFCAC0 /* TrainerSelectedTableViewCell.swift in Sources */,
				B236E7E621CA1ED300FDFB0C /* EachOngoingTrainerViewController.swift in Sources */,
				B236E7DC21C92E7B00FDFB0C /* ConfirmationProgressTraineeTableViewController.swift in Sources */,
				B23E7DB7213ECA5B005E7F7F /* Course.swift in Sources */,
				B2AE2C872133B46300B0B9B1 /* SidebarTrainerViewController.swift in Sources */,
				B201C67F2147CF0100A5E1E8 /* ShowTrainerMarkerViewController.swift in Sources */,
				B24B8A8E212D16F400C59074 /* Register2ViewController.swift in Sources */,
				B2B9E359215261CA0048E501 /* NewProgressViewController.swift in Sources */,
				B224C71821A41F3300DD33AB /* OngoingTrainerTableViewCell.swift in Sources */,
				B2EEE32C21B1AF0200E2AEB0 /* EditCreditCardViewController.swift in Sources */,
				B2B8BC54212BC5D5009A3712 /* AppDelegate.swift in Sources */,
				B2B6CE58217FB8F100869488 /* ProgressTableViewCell.swift in Sources */,
				B2357E2621AFDFA7006EA2DC /* SelectCreditCardToChargeViewController.swift in Sources */,
				B26ED3492132C45F003F0637 /* BookTabTrainerViewController.swift in Sources */,
				B236E7E221CA10DA00FDFB0C /* OngoingProgressTrainerTableViewController.swift in Sources */,
				B23E79702132CA8F0082FD1E /* NotificationTabTrainerViewController.swift in Sources */,
				B2307ED22135142E000CB3AB /* UserProfile.swift in Sources */,
				B2B9E3572152477D0048E501 /* ViewCourseTrainerByTraineeViewController.swift in Sources */,
				B236E7E021CA03EA00FDFB0C /* ConfirmationProgressTrainerTableViewController.swift in Sources */,
				B263566E218830C100277F67 /* ConfirmationTableViewCell.swift in Sources */,
				B2B6CE56217F1A6D00869488 /* PendingBookPlaceDetail.swift in Sources */,
				B21CCD4B2141CA610013EA56 /* EditCourseViewController.swift in Sources */,
				B24664E421AEB0EF0065655F /* ViewCreditCardViewController.swift in Sources */,
				B202BD22214D714900DE0790 /* NotificationTabTraineeViewController.swift in Sources */,
				B23D2E0E214C2BA500CFCAC0 /* ShowCourseTrainerSpecifiedViewController.swift in Sources */,
				B2CE11A621BB27170042E4A6 /* EachOngoingTraineeTableViewCell.swift in Sources */,
				B24664E621AEB3C60065655F /* ViewCreditCardTableViewCell.swift in Sources */,
				B24664E821AEFF700065655F /* CreditCard.swift in Sources */,
				B20ECAEF213FE4590084E685 /* AllCourseTrainerTableViewCell.swift in Sources */,
				B202BD2921501D3700DE0790 /* AddCertificateViewController.swift in Sources */,
				B2901ECC21D3F958005ED68D /* Review.swift in Sources */,
				B2B929D1216B14F600D61E0A /* ProfileTrainerViewController.swift in Sources */,
				B202BD20214D713600DE0790 /* ProgressTabTraineeViewController.swift in Sources */,
				B2168B9C21D920B600211223 /* Help.swift in Sources */,
				B280D84D21387FDD00A59DB0 /* AddCourseTrainerViewController.swift in Sources */,
				B28986AB21B6F2B500244FB5 /* OngoingProgressTraineeTableViewController.swift in Sources */,
				B2901ECE21D3FB4B005ED68D /* EachReview.swift in Sources */,
			);
			runOnlyForDeploymentPostprocessing = 0;
		};
		B2B8BC60212BC5D7009A3712 /* Sources */ = {
			isa = PBXSourcesBuildPhase;
			buildActionMask = 2147483647;
			files = (
				B2B8BC69212BC5D7009A3712 /* TrainMeTests.swift in Sources */,
			);
			runOnlyForDeploymentPostprocessing = 0;
		};
		B2B8BC6B212BC5D7009A3712 /* Sources */ = {
			isa = PBXSourcesBuildPhase;
			buildActionMask = 2147483647;
			files = (
				B2B8BC74212BC5D7009A3712 /* TrainMeUITests.swift in Sources */,
			);
			runOnlyForDeploymentPostprocessing = 0;
		};
/* End PBXSourcesBuildPhase section */

/* Begin PBXTargetDependency section */
		B2B8BC66212BC5D7009A3712 /* PBXTargetDependency */ = {
			isa = PBXTargetDependency;
			target = B2B8BC4F212BC5D5009A3712 /* TrainMe */;
			targetProxy = B2B8BC65212BC5D7009A3712 /* PBXContainerItemProxy */;
		};
		B2B8BC71212BC5D7009A3712 /* PBXTargetDependency */ = {
			isa = PBXTargetDependency;
			target = B2B8BC4F212BC5D5009A3712 /* TrainMe */;
			targetProxy = B2B8BC70212BC5D7009A3712 /* PBXContainerItemProxy */;
		};
/* End PBXTargetDependency section */

/* Begin PBXVariantGroup section */
		B24144B421371ACF00F8315B /* Localizable.strings */ = {
			isa = PBXVariantGroup;
			children = (
				B24144B321371ACF00F8315B /* en */,
				B24144B521371AD100F8315B /* th */,
			);
			name = Localizable.strings;
			sourceTree = "<group>";
		};
		B2B8BC57212BC5D5009A3712 /* Main.storyboard */ = {
			isa = PBXVariantGroup;
			children = (
				B2B8BC58212BC5D5009A3712 /* Base */,
				B24144AC2137180A00F8315B /* th */,
				B24144AF2137182E00F8315B /* en */,
			);
			name = Main.storyboard;
			sourceTree = "<group>";
		};
		B2B8BC5C212BC5D7009A3712 /* LaunchScreen.storyboard */ = {
			isa = PBXVariantGroup;
			children = (
				B2B8BC5D212BC5D7009A3712 /* Base */,
				B24144AD2137180B00F8315B /* th */,
			);
			name = LaunchScreen.storyboard;
			sourceTree = "<group>";
		};
/* End PBXVariantGroup section */

/* Begin XCBuildConfiguration section */
		B2B8BC76212BC5D7009A3712 /* Debug */ = {
			isa = XCBuildConfiguration;
			buildSettings = {
				ALWAYS_SEARCH_USER_PATHS = NO;
				CLANG_ANALYZER_LOCALIZABILITY_NONLOCALIZED = YES;
				CLANG_ANALYZER_NONNULL = YES;
				CLANG_ANALYZER_NUMBER_OBJECT_CONVERSION = YES_AGGRESSIVE;
				CLANG_CXX_LANGUAGE_STANDARD = "gnu++14";
				CLANG_CXX_LIBRARY = "libc++";
				CLANG_ENABLE_MODULES = YES;
				CLANG_ENABLE_OBJC_ARC = YES;
				CLANG_ENABLE_OBJC_WEAK = YES;
				CLANG_WARN_BLOCK_CAPTURE_AUTORELEASING = YES;
				CLANG_WARN_BOOL_CONVERSION = YES;
				CLANG_WARN_COMMA = YES;
				CLANG_WARN_CONSTANT_CONVERSION = YES;
				CLANG_WARN_DEPRECATED_OBJC_IMPLEMENTATIONS = YES;
				CLANG_WARN_DIRECT_OBJC_ISA_USAGE = YES_ERROR;
				CLANG_WARN_DOCUMENTATION_COMMENTS = YES;
				CLANG_WARN_EMPTY_BODY = YES;
				CLANG_WARN_ENUM_CONVERSION = YES;
				CLANG_WARN_INFINITE_RECURSION = YES;
				CLANG_WARN_INT_CONVERSION = YES;
				CLANG_WARN_NON_LITERAL_NULL_CONVERSION = YES;
				CLANG_WARN_OBJC_IMPLICIT_RETAIN_SELF = YES;
				CLANG_WARN_OBJC_LITERAL_CONVERSION = YES;
				CLANG_WARN_OBJC_ROOT_CLASS = YES_ERROR;
				CLANG_WARN_RANGE_LOOP_ANALYSIS = YES;
				CLANG_WARN_STRICT_PROTOTYPES = YES;
				CLANG_WARN_SUSPICIOUS_MOVE = YES;
				CLANG_WARN_UNGUARDED_AVAILABILITY = YES_AGGRESSIVE;
				CLANG_WARN_UNREACHABLE_CODE = YES;
				CLANG_WARN__DUPLICATE_METHOD_MATCH = YES;
				CODE_SIGN_IDENTITY = "iPhone Developer";
				COPY_PHASE_STRIP = NO;
				DEBUG_INFORMATION_FORMAT = dwarf;
				ENABLE_STRICT_OBJC_MSGSEND = YES;
				ENABLE_TESTABILITY = YES;
				GCC_C_LANGUAGE_STANDARD = gnu11;
				GCC_DYNAMIC_NO_PIC = NO;
				GCC_NO_COMMON_BLOCKS = YES;
				GCC_OPTIMIZATION_LEVEL = 0;
				GCC_PREPROCESSOR_DEFINITIONS = (
					"DEBUG=1",
					"$(inherited)",
				);
				GCC_WARN_64_TO_32_BIT_CONVERSION = YES;
				GCC_WARN_ABOUT_RETURN_TYPE = YES_ERROR;
				GCC_WARN_UNDECLARED_SELECTOR = YES;
				GCC_WARN_UNINITIALIZED_AUTOS = YES_AGGRESSIVE;
				GCC_WARN_UNUSED_FUNCTION = YES;
				GCC_WARN_UNUSED_VARIABLE = YES;
				IPHONEOS_DEPLOYMENT_TARGET = 11.4;
				MTL_ENABLE_DEBUG_INFO = YES;
				ONLY_ACTIVE_ARCH = YES;
				SDKROOT = iphoneos;
				SWIFT_ACTIVE_COMPILATION_CONDITIONS = DEBUG;
				SWIFT_OPTIMIZATION_LEVEL = "-Onone";
			};
			name = Debug;
		};
		B2B8BC77212BC5D7009A3712 /* Release */ = {
			isa = XCBuildConfiguration;
			buildSettings = {
				ALWAYS_SEARCH_USER_PATHS = NO;
				CLANG_ANALYZER_LOCALIZABILITY_NONLOCALIZED = YES;
				CLANG_ANALYZER_NONNULL = YES;
				CLANG_ANALYZER_NUMBER_OBJECT_CONVERSION = YES_AGGRESSIVE;
				CLANG_CXX_LANGUAGE_STANDARD = "gnu++14";
				CLANG_CXX_LIBRARY = "libc++";
				CLANG_ENABLE_MODULES = YES;
				CLANG_ENABLE_OBJC_ARC = YES;
				CLANG_ENABLE_OBJC_WEAK = YES;
				CLANG_WARN_BLOCK_CAPTURE_AUTORELEASING = YES;
				CLANG_WARN_BOOL_CONVERSION = YES;
				CLANG_WARN_COMMA = YES;
				CLANG_WARN_CONSTANT_CONVERSION = YES;
				CLANG_WARN_DEPRECATED_OBJC_IMPLEMENTATIONS = YES;
				CLANG_WARN_DIRECT_OBJC_ISA_USAGE = YES_ERROR;
				CLANG_WARN_DOCUMENTATION_COMMENTS = YES;
				CLANG_WARN_EMPTY_BODY = YES;
				CLANG_WARN_ENUM_CONVERSION = YES;
				CLANG_WARN_INFINITE_RECURSION = YES;
				CLANG_WARN_INT_CONVERSION = YES;
				CLANG_WARN_NON_LITERAL_NULL_CONVERSION = YES;
				CLANG_WARN_OBJC_IMPLICIT_RETAIN_SELF = YES;
				CLANG_WARN_OBJC_LITERAL_CONVERSION = YES;
				CLANG_WARN_OBJC_ROOT_CLASS = YES_ERROR;
				CLANG_WARN_RANGE_LOOP_ANALYSIS = YES;
				CLANG_WARN_STRICT_PROTOTYPES = YES;
				CLANG_WARN_SUSPICIOUS_MOVE = YES;
				CLANG_WARN_UNGUARDED_AVAILABILITY = YES_AGGRESSIVE;
				CLANG_WARN_UNREACHABLE_CODE = YES;
				CLANG_WARN__DUPLICATE_METHOD_MATCH = YES;
				CODE_SIGN_IDENTITY = "iPhone Developer";
				COPY_PHASE_STRIP = NO;
				DEBUG_INFORMATION_FORMAT = "dwarf-with-dsym";
				ENABLE_NS_ASSERTIONS = NO;
				ENABLE_STRICT_OBJC_MSGSEND = YES;
				GCC_C_LANGUAGE_STANDARD = gnu11;
				GCC_NO_COMMON_BLOCKS = YES;
				GCC_WARN_64_TO_32_BIT_CONVERSION = YES;
				GCC_WARN_ABOUT_RETURN_TYPE = YES_ERROR;
				GCC_WARN_UNDECLARED_SELECTOR = YES;
				GCC_WARN_UNINITIALIZED_AUTOS = YES_AGGRESSIVE;
				GCC_WARN_UNUSED_FUNCTION = YES;
				GCC_WARN_UNUSED_VARIABLE = YES;
				IPHONEOS_DEPLOYMENT_TARGET = 11.4;
				MTL_ENABLE_DEBUG_INFO = NO;
				SDKROOT = iphoneos;
				SWIFT_COMPILATION_MODE = wholemodule;
				SWIFT_OPTIMIZATION_LEVEL = "-O";
				VALIDATE_PRODUCT = YES;
			};
			name = Release;
		};
		B2B8BC79212BC5D7009A3712 /* Debug */ = {
			isa = XCBuildConfiguration;
			baseConfigurationReference = DC052F04C1EB9F9E13855E19 /* Pods-TrainMe.debug.xcconfig */;
			buildSettings = {
				ASSETCATALOG_COMPILER_APPICON_NAME = AppIcon;
				CODE_SIGN_ENTITLEMENTS = TrainMe/TrainMe.entitlements;
				CODE_SIGN_STYLE = Automatic;
				DEVELOPMENT_TEAM = L4D9F78GB2;
				FRAMEWORK_SEARCH_PATHS = (
					"$(inherited)",
					"$(PROJECT_DIR)/Carthage/Build/iOS",
				);
				INFOPLIST_FILE = TrainMe/Info.plist;
				IPHONEOS_DEPLOYMENT_TARGET = 9.1;
				LD_RUNPATH_SEARCH_PATHS = (
					"$(inherited)",
					"@executable_path/Frameworks",
				);
				PRODUCT_BUNDLE_IDENTIFIER = intersignature.TrainMe;
				PRODUCT_NAME = "$(TARGET_NAME)";
				SWIFT_VERSION = 4.0;
				TARGETED_DEVICE_FAMILY = 1;
			};
			name = Debug;
		};
		B2B8BC7A212BC5D7009A3712 /* Release */ = {
			isa = XCBuildConfiguration;
			baseConfigurationReference = 16F7CCA7514E4610677B8507 /* Pods-TrainMe.release.xcconfig */;
			buildSettings = {
				ASSETCATALOG_COMPILER_APPICON_NAME = AppIcon;
				CODE_SIGN_ENTITLEMENTS = TrainMe/TrainMe.entitlements;
				CODE_SIGN_STYLE = Automatic;
				DEVELOPMENT_TEAM = L4D9F78GB2;
				FRAMEWORK_SEARCH_PATHS = (
					"$(inherited)",
					"$(PROJECT_DIR)/Carthage/Build/iOS",
				);
				INFOPLIST_FILE = TrainMe/Info.plist;
				IPHONEOS_DEPLOYMENT_TARGET = 9.1;
				LD_RUNPATH_SEARCH_PATHS = (
					"$(inherited)",
					"@executable_path/Frameworks",
				);
				PRODUCT_BUNDLE_IDENTIFIER = intersignature.TrainMe;
				PRODUCT_NAME = "$(TARGET_NAME)";
				SWIFT_VERSION = 4.0;
				TARGETED_DEVICE_FAMILY = 1;
			};
			name = Release;
		};
		B2B8BC7C212BC5D7009A3712 /* Debug */ = {
			isa = XCBuildConfiguration;
			baseConfigurationReference = 4BB82349EC517FBFA947B24F /* Pods-TrainMeTests.debug.xcconfig */;
			buildSettings = {
				ALWAYS_EMBED_SWIFT_STANDARD_LIBRARIES = YES;
				BUNDLE_LOADER = "$(TEST_HOST)";
				CODE_SIGN_STYLE = Automatic;
				DEVELOPMENT_TEAM = L4D9F78GB2;
				INFOPLIST_FILE = TrainMeTests/Info.plist;
				LD_RUNPATH_SEARCH_PATHS = (
					"$(inherited)",
					"@executable_path/Frameworks",
					"@loader_path/Frameworks",
				);
				PRODUCT_BUNDLE_IDENTIFIER = intersignature.TrainMeTests;
				PRODUCT_NAME = "$(TARGET_NAME)";
				SWIFT_VERSION = 4.0;
				TARGETED_DEVICE_FAMILY = "1,2";
				TEST_HOST = "$(BUILT_PRODUCTS_DIR)/TrainMe.app/TrainMe";
			};
			name = Debug;
		};
		B2B8BC7D212BC5D7009A3712 /* Release */ = {
			isa = XCBuildConfiguration;
			baseConfigurationReference = 55C4A3547D6419CECA40BE2B /* Pods-TrainMeTests.release.xcconfig */;
			buildSettings = {
				ALWAYS_EMBED_SWIFT_STANDARD_LIBRARIES = YES;
				BUNDLE_LOADER = "$(TEST_HOST)";
				CODE_SIGN_STYLE = Automatic;
				DEVELOPMENT_TEAM = L4D9F78GB2;
				INFOPLIST_FILE = TrainMeTests/Info.plist;
				LD_RUNPATH_SEARCH_PATHS = (
					"$(inherited)",
					"@executable_path/Frameworks",
					"@loader_path/Frameworks",
				);
				PRODUCT_BUNDLE_IDENTIFIER = intersignature.TrainMeTests;
				PRODUCT_NAME = "$(TARGET_NAME)";
				SWIFT_VERSION = 4.0;
				TARGETED_DEVICE_FAMILY = "1,2";
				TEST_HOST = "$(BUILT_PRODUCTS_DIR)/TrainMe.app/TrainMe";
			};
			name = Release;
		};
		B2B8BC7F212BC5D7009A3712 /* Debug */ = {
			isa = XCBuildConfiguration;
			baseConfigurationReference = 0CEFF5905B41EBC9936B38F8 /* Pods-TrainMeUITests.debug.xcconfig */;
			buildSettings = {
				ALWAYS_EMBED_SWIFT_STANDARD_LIBRARIES = YES;
				CODE_SIGN_STYLE = Automatic;
				DEVELOPMENT_TEAM = L4D9F78GB2;
				INFOPLIST_FILE = TrainMeUITests/Info.plist;
				LD_RUNPATH_SEARCH_PATHS = (
					"$(inherited)",
					"@executable_path/Frameworks",
					"@loader_path/Frameworks",
				);
				PRODUCT_BUNDLE_IDENTIFIER = intersignature.TrainMeUITests;
				PRODUCT_NAME = "$(TARGET_NAME)";
				SWIFT_VERSION = 4.0;
				TARGETED_DEVICE_FAMILY = "1,2";
				TEST_TARGET_NAME = TrainMe;
			};
			name = Debug;
		};
		B2B8BC80212BC5D7009A3712 /* Release */ = {
			isa = XCBuildConfiguration;
			baseConfigurationReference = 00381F36DE4033DBCA41F5A4 /* Pods-TrainMeUITests.release.xcconfig */;
			buildSettings = {
				ALWAYS_EMBED_SWIFT_STANDARD_LIBRARIES = YES;
				CODE_SIGN_STYLE = Automatic;
				DEVELOPMENT_TEAM = L4D9F78GB2;
				INFOPLIST_FILE = TrainMeUITests/Info.plist;
				LD_RUNPATH_SEARCH_PATHS = (
					"$(inherited)",
					"@executable_path/Frameworks",
					"@loader_path/Frameworks",
				);
				PRODUCT_BUNDLE_IDENTIFIER = intersignature.TrainMeUITests;
				PRODUCT_NAME = "$(TARGET_NAME)";
				SWIFT_VERSION = 4.0;
				TARGETED_DEVICE_FAMILY = "1,2";
				TEST_TARGET_NAME = TrainMe;
			};
			name = Release;
		};
/* End XCBuildConfiguration section */

/* Begin XCConfigurationList section */
		B2B8BC4B212BC5D5009A3712 /* Build configuration list for PBXProject "TrainMe" */ = {
			isa = XCConfigurationList;
			buildConfigurations = (
				B2B8BC76212BC5D7009A3712 /* Debug */,
				B2B8BC77212BC5D7009A3712 /* Release */,
			);
			defaultConfigurationIsVisible = 0;
			defaultConfigurationName = Release;
		};
		B2B8BC78212BC5D7009A3712 /* Build configuration list for PBXNativeTarget "TrainMe" */ = {
			isa = XCConfigurationList;
			buildConfigurations = (
				B2B8BC79212BC5D7009A3712 /* Debug */,
				B2B8BC7A212BC5D7009A3712 /* Release */,
			);
			defaultConfigurationIsVisible = 0;
			defaultConfigurationName = Release;
		};
		B2B8BC7B212BC5D7009A3712 /* Build configuration list for PBXNativeTarget "TrainMeTests" */ = {
			isa = XCConfigurationList;
			buildConfigurations = (
				B2B8BC7C212BC5D7009A3712 /* Debug */,
				B2B8BC7D212BC5D7009A3712 /* Release */,
			);
			defaultConfigurationIsVisible = 0;
			defaultConfigurationName = Release;
		};
		B2B8BC7E212BC5D7009A3712 /* Build configuration list for PBXNativeTarget "TrainMeUITests" */ = {
			isa = XCConfigurationList;
			buildConfigurations = (
				B2B8BC7F212BC5D7009A3712 /* Debug */,
				B2B8BC80212BC5D7009A3712 /* Release */,
			);
			defaultConfigurationIsVisible = 0;
			defaultConfigurationName = Release;
		};
/* End XCConfigurationList section */
	};
	rootObject = B2B8BC48212BC5D5009A3712 /* Project object */;
}
